// !$*UTF8*$!
{
	archiveVersion = 1;
	classes = {
	};
	objectVersion = 46;
	objects = {

/* Begin PBXBuildFile section */
		8457432BC68FBEF502855796 /* libPods.a in Frameworks */ = {isa = PBXBuildFile; fileRef = 2ACF5DC8DA0C6239B9ADBED2 /* libPods.a */; };
		FF0F5F3C1A90001900143020 /* IAWPersistenceDatastore+CloudantSync.m in Sources */ = {isa = PBXBuildFile; fileRef = FF0F5F3B1A90001900143020 /* IAWPersistenceDatastore+CloudantSync.m */; };
		FF0F5F3F1A900B4300143020 /* IAWModelQuestion+ErrorBuilder.m in Sources */ = {isa = PBXBuildFile; fileRef = FF0F5F3E1A900B4300143020 /* IAWModelQuestion+ErrorBuilder.m */; };
		FF0F5F431A90114000143020 /* IAWModelQuestionTests.m in Sources */ = {isa = PBXBuildFile; fileRef = FF0F5F421A90114000143020 /* IAWModelQuestionTests.m */; };
		FF0F5F481A90125600143020 /* IAWMockPersistenceDatastoreReplicator.m in Sources */ = {isa = PBXBuildFile; fileRef = FF0F5F471A90125600143020 /* IAWMockPersistenceDatastoreReplicator.m */; };
		FF0F5F4B1A90131600143020 /* IAWMockPersistenceDatastore.m in Sources */ = {isa = PBXBuildFile; fileRef = FF0F5F4A1A90131600143020 /* IAWMockPersistenceDatastore.m */; };
		FF0F5F4D1A90206B00143020 /* IAWModelObjectTests.m in Sources */ = {isa = PBXBuildFile; fileRef = FF0F5F4C1A90206B00143020 /* IAWModelObjectTests.m */; };
		FF0F5F501A9023E300143020 /* IAWModelObject+ErrorBuilder.m in Sources */ = {isa = PBXBuildFile; fileRef = FF0F5F4F1A9023E300143020 /* IAWModelObject+ErrorBuilder.m */; };
		FF1379F81A87DBFB003BBDCA /* IAWPersistenceDatastoreSyncManager.m in Sources */ = {isa = PBXBuildFile; fileRef = FF1379F71A87DBFB003BBDCA /* IAWPersistenceDatastoreSyncManager.m */; };
		FF1379FB1A87E047003BBDCA /* IAWPersistenceDatastoreSyncJob.m in Sources */ = {isa = PBXBuildFile; fileRef = FF1379FA1A87E047003BBDCA /* IAWPersistenceDatastoreSyncJob.m */; };
		FF13FA271A90F92300634ED6 /* IAWCloudantSyncIndexManager.m in Sources */ = {isa = PBXBuildFile; fileRef = FF13FA261A90F92300634ED6 /* IAWCloudantSyncIndexManager.m */; };
		FF13FA2A1A91047500634ED6 /* IAWPersistenceDatastore+IAWModel.m in Sources */ = {isa = PBXBuildFile; fileRef = FF13FA291A91047500634ED6 /* IAWPersistenceDatastore+IAWModel.m */; };
		FF2731811A99097C00429500 /* IAWControllerAddAnswerTVC.m in Sources */ = {isa = PBXBuildFile; fileRef = FF2731801A99097C00429500 /* IAWControllerAddAnswerTVC.m */; };
		FF2F99DE1A8D6331002AABEC /* IAWModelObject.m in Sources */ = {isa = PBXBuildFile; fileRef = FF2F99DD1A8D6331002AABEC /* IAWModelObject.m */; };
		FF383D2A1A7D5EA000415B52 /* IAWControllerQuestionsTVC.m in Sources */ = {isa = PBXBuildFile; fileRef = FF383D291A7D5EA000415B52 /* IAWControllerQuestionsTVC.m */; };
		FF383D2F1A7D6B3200415B52 /* Localizable.strings in Resources */ = {isa = PBXBuildFile; fileRef = FF383D311A7D6B3200415B52 /* Localizable.strings */; };
		FF47F2001AA8CBC800B8921B /* UITableViewCell+ControllerQuestionsCell.m in Sources */ = {isa = PBXBuildFile; fileRef = FF47F1FF1AA8CBC800B8921B /* UITableViewCell+ControllerQuestionsCell.m */; };
		FF5498051AA28CC90037311F /* IAWModelAnswer.m in Sources */ = {isa = PBXBuildFile; fileRef = FF5498041AA28CC90037311F /* IAWModelAnswer.m */; };
		FF5B26911A8C09B200228C06 /* IAWModelQuestion.m in Sources */ = {isa = PBXBuildFile; fileRef = FF5B26901A8C09B200228C06 /* IAWModelQuestion.m */; };
		FF5B269A1A8C0F7B00228C06 /* IAWPersistenceDatastoreReplicatorDummy.m in Sources */ = {isa = PBXBuildFile; fileRef = FF5B26971A8C0F7B00228C06 /* IAWPersistenceDatastoreReplicatorDummy.m */; };
		FF5B269B1A8C0F7B00228C06 /* IAWPersistenceDatastoreReplicatorFactoryDummy.m in Sources */ = {isa = PBXBuildFile; fileRef = FF5B26991A8C0F7B00228C06 /* IAWPersistenceDatastoreReplicatorFactoryDummy.m */; };
		FF5B269F1A8C14F700228C06 /* CDTDocumentRevision+IAWPersistenceDatastoreDocumentProtocol.m in Sources */ = {isa = PBXBuildFile; fileRef = FF5B269E1A8C14F700228C06 /* CDTDocumentRevision+IAWPersistenceDatastoreDocumentProtocol.m */; };
		FF88D57E1A86ADEC0057EEFB /* IAWCloudantSyncDatastoreFactory.m in Sources */ = {isa = PBXBuildFile; fileRef = FF88D57D1A86ADEC0057EEFB /* IAWCloudantSyncDatastoreFactory.m */; };
		FF88D5811A86B1FF0057EEFB /* IAWCloudantSyncDatabaseURL.m in Sources */ = {isa = PBXBuildFile; fileRef = FF88D5801A86B1FF0057EEFB /* IAWCloudantSyncDatabaseURL.m */; };
		FF89B7821A856E050007248A /* IAWPersistenceDatastore.m in Sources */ = {isa = PBXBuildFile; fileRef = FF89B7811A856E050007248A /* IAWPersistenceDatastore.m */; };
		FF89B7841A857D310007248A /* cloudantAnswersDatabaseURL.plist in Resources */ = {isa = PBXBuildFile; fileRef = FF89B7831A857D310007248A /* cloudantAnswersDatabaseURL.plist */; };
		FF8D9D381A9A8BFC00320CE8 /* IAWMockPersistenceDatastoreDocument.m in Sources */ = {isa = PBXBuildFile; fileRef = FF8D9D371A9A8BFC00320CE8 /* IAWMockPersistenceDatastoreDocument.m */; };
		FF9C741F1AD05C3400430759 /* ControllerAnswersTVC.swift in Sources */ = {isa = PBXBuildFile; fileRef = FF9C741E1AD05C3400430759 /* ControllerAnswersTVC.swift */; };
		FF9D5A2B1A9D32E6001096BA /* IAWPersistenceDatastoreDummy.m in Sources */ = {isa = PBXBuildFile; fileRef = FF9D5A2A1A9D32E6001096BA /* IAWPersistenceDatastoreDummy.m */; };
		FFA475C91ABE305800A37452 /* IAWMockPersistenceDatastoreIndexManager.m in Sources */ = {isa = PBXBuildFile; fileRef = FFA475C81ABE305800A37452 /* IAWMockPersistenceDatastoreIndexManager.m */; };
		FFA4809E1A8956A700DD3F58 /* IAWCloudantSyncReplicatorPull.m in Sources */ = {isa = PBXBuildFile; fileRef = FFA4809D1A8956A700DD3F58 /* IAWCloudantSyncReplicatorPull.m */; };
		FFB91BD91A8804E400D563A2 /* IAWPersistenceDatastoreSyncJobTests.m in Sources */ = {isa = PBXBuildFile; fileRef = FFB91BD81A8804E400D563A2 /* IAWPersistenceDatastoreSyncJobTests.m */; };
		FFB91BE91A881E7900D563A2 /* IAWCloudantSyncReplicatorPush.m in Sources */ = {isa = PBXBuildFile; fileRef = FFB91BE81A881E7900D563A2 /* IAWCloudantSyncReplicatorPush.m */; };
		FFC080F31A82B94000C02FDE /* IAWLogFormatter.m in Sources */ = {isa = PBXBuildFile; fileRef = FFC080F21A82B94000C02FDE /* IAWLogFormatter.m */; };
		FFC65FCD1A8ABD96009B83B1 /* IAWCloudantSyncReplicatorFactory.m in Sources */ = {isa = PBXBuildFile; fileRef = FFC65FCC1A8ABD96009B83B1 /* IAWCloudantSyncReplicatorFactory.m */; };
		FFC65FD71A8ACC18009B83B1 /* CDTDatastore+IAWPersistenceDatastoreLocalStorageProtocol.m in Sources */ = {isa = PBXBuildFile; fileRef = FFC65FD61A8ACC18009B83B1 /* CDTDatastore+IAWPersistenceDatastoreLocalStorageProtocol.m */; };
		FFC70C9F1AA29CEA00DB6BB6 /* IAWModelAnswer+ErrorBuilder.m in Sources */ = {isa = PBXBuildFile; fileRef = FFC70C9E1AA29CEA00DB6BB6 /* IAWModelAnswer+ErrorBuilder.m */; };
		FFD78B541A7995350059CB68 /* main.m in Sources */ = {isa = PBXBuildFile; fileRef = FFD78B531A7995350059CB68 /* main.m */; };
		FFD78B571A7995350059CB68 /* AppDelegate.m in Sources */ = {isa = PBXBuildFile; fileRef = FFD78B561A7995350059CB68 /* AppDelegate.m */; };
		FFD78B5D1A7995350059CB68 /* Main.storyboard in Resources */ = {isa = PBXBuildFile; fileRef = FFD78B5B1A7995350059CB68 /* Main.storyboard */; };
		FFD78B5F1A7995350059CB68 /* Images.xcassets in Resources */ = {isa = PBXBuildFile; fileRef = FFD78B5E1A7995350059CB68 /* Images.xcassets */; };
		FFD78B621A7995350059CB68 /* LaunchScreen.xib in Resources */ = {isa = PBXBuildFile; fileRef = FFD78B601A7995350059CB68 /* LaunchScreen.xib */; };
		FFDBDA7B1AA3C91F002650A1 /* IAWModelAnswerTests.m in Sources */ = {isa = PBXBuildFile; fileRef = FFDBDA7A1AA3C91F002650A1 /* IAWModelAnswerTests.m */; };
		FFED55FD1A80268100F96AA1 /* IAWPersistenceDatastoreNotificationCenter.m in Sources */ = {isa = PBXBuildFile; fileRef = FFED55FC1A80268100F96AA1 /* IAWPersistenceDatastoreNotificationCenter.m */; };
/* End PBXBuildFile section */

/* Begin PBXContainerItemProxy section */
		FFD78B681A7995360059CB68 /* PBXContainerItemProxy */ = {
			isa = PBXContainerItemProxy;
			containerPortal = FFD78B461A7995350059CB68 /* Project object */;
			proxyType = 1;
			remoteGlobalIDString = FFD78B4D1A7995350059CB68;
			remoteInfo = Answers;
		};
/* End PBXContainerItemProxy section */

/* Begin PBXFileReference section */
		135BF83CD7B7AAA342D1AAC9 /* Pods.release.xcconfig */ = {isa = PBXFileReference; includeInIndex = 1; lastKnownFileType = text.xcconfig; name = Pods.release.xcconfig; path = "Pods/Target Support Files/Pods/Pods.release.xcconfig"; sourceTree = "<group>"; };
		2ACF5DC8DA0C6239B9ADBED2 /* libPods.a */ = {isa = PBXFileReference; explicitFileType = archive.ar; includeInIndex = 0; path = libPods.a; sourceTree = BUILT_PRODUCTS_DIR; };
		58DA49CFCDDAEEE57D706310 /* Pods.debug.xcconfig */ = {isa = PBXFileReference; includeInIndex = 1; lastKnownFileType = text.xcconfig; name = Pods.debug.xcconfig; path = "Pods/Target Support Files/Pods/Pods.debug.xcconfig"; sourceTree = "<group>"; };
		FF0F5F3A1A90001900143020 /* IAWPersistenceDatastore+CloudantSync.h */ = {isa = PBXFileReference; fileEncoding = 4; lastKnownFileType = sourcecode.c.h; path = "IAWPersistenceDatastore+CloudantSync.h"; sourceTree = "<group>"; };
		FF0F5F3B1A90001900143020 /* IAWPersistenceDatastore+CloudantSync.m */ = {isa = PBXFileReference; fileEncoding = 4; lastKnownFileType = sourcecode.c.objc; path = "IAWPersistenceDatastore+CloudantSync.m"; sourceTree = "<group>"; };
		FF0F5F3D1A900B4300143020 /* IAWModelQuestion+ErrorBuilder.h */ = {isa = PBXFileReference; fileEncoding = 4; lastKnownFileType = sourcecode.c.h; path = "IAWModelQuestion+ErrorBuilder.h"; sourceTree = "<group>"; };
		FF0F5F3E1A900B4300143020 /* IAWModelQuestion+ErrorBuilder.m */ = {isa = PBXFileReference; fileEncoding = 4; lastKnownFileType = sourcecode.c.objc; path = "IAWModelQuestion+ErrorBuilder.m"; sourceTree = "<group>"; };
		FF0F5F401A900FBF00143020 /* IAWPersistenceDatastoreProtocol.h */ = {isa = PBXFileReference; fileEncoding = 4; lastKnownFileType = sourcecode.c.h; path = IAWPersistenceDatastoreProtocol.h; sourceTree = "<group>"; };
		FF0F5F421A90114000143020 /* IAWModelQuestionTests.m */ = {isa = PBXFileReference; fileEncoding = 4; lastKnownFileType = sourcecode.c.objc; path = IAWModelQuestionTests.m; sourceTree = "<group>"; };
		FF0F5F461A90125600143020 /* IAWMockPersistenceDatastoreReplicator.h */ = {isa = PBXFileReference; fileEncoding = 4; lastKnownFileType = sourcecode.c.h; path = IAWMockPersistenceDatastoreReplicator.h; sourceTree = "<group>"; };
		FF0F5F471A90125600143020 /* IAWMockPersistenceDatastoreReplicator.m */ = {isa = PBXFileReference; fileEncoding = 4; lastKnownFileType = sourcecode.c.objc; path = IAWMockPersistenceDatastoreReplicator.m; sourceTree = "<group>"; };
		FF0F5F491A90131600143020 /* IAWMockPersistenceDatastore.h */ = {isa = PBXFileReference; fileEncoding = 4; lastKnownFileType = sourcecode.c.h; path = IAWMockPersistenceDatastore.h; sourceTree = "<group>"; };
		FF0F5F4A1A90131600143020 /* IAWMockPersistenceDatastore.m */ = {isa = PBXFileReference; fileEncoding = 4; lastKnownFileType = sourcecode.c.objc; path = IAWMockPersistenceDatastore.m; sourceTree = "<group>"; };
		FF0F5F4C1A90206B00143020 /* IAWModelObjectTests.m */ = {isa = PBXFileReference; fileEncoding = 4; lastKnownFileType = sourcecode.c.objc; path = IAWModelObjectTests.m; sourceTree = "<group>"; };
		FF0F5F4E1A9023E300143020 /* IAWModelObject+ErrorBuilder.h */ = {isa = PBXFileReference; fileEncoding = 4; lastKnownFileType = sourcecode.c.h; path = "IAWModelObject+ErrorBuilder.h"; sourceTree = "<group>"; };
		FF0F5F4F1A9023E300143020 /* IAWModelObject+ErrorBuilder.m */ = {isa = PBXFileReference; fileEncoding = 4; lastKnownFileType = sourcecode.c.objc; path = "IAWModelObject+ErrorBuilder.m"; sourceTree = "<group>"; };
		FF1379F61A87DBFB003BBDCA /* IAWPersistenceDatastoreSyncManager.h */ = {isa = PBXFileReference; fileEncoding = 4; lastKnownFileType = sourcecode.c.h; path = IAWPersistenceDatastoreSyncManager.h; sourceTree = "<group>"; };
		FF1379F71A87DBFB003BBDCA /* IAWPersistenceDatastoreSyncManager.m */ = {isa = PBXFileReference; fileEncoding = 4; lastKnownFileType = sourcecode.c.objc; path = IAWPersistenceDatastoreSyncManager.m; sourceTree = "<group>"; };
		FF1379F91A87E047003BBDCA /* IAWPersistenceDatastoreSyncJob.h */ = {isa = PBXFileReference; fileEncoding = 4; lastKnownFileType = sourcecode.c.h; path = IAWPersistenceDatastoreSyncJob.h; sourceTree = "<group>"; };
		FF1379FA1A87E047003BBDCA /* IAWPersistenceDatastoreSyncJob.m */ = {isa = PBXFileReference; fileEncoding = 4; lastKnownFileType = sourcecode.c.objc; path = IAWPersistenceDatastoreSyncJob.m; sourceTree = "<group>"; };
		FF1379FC1A87E141003BBDCA /* IAWPersistenceDatastoreReplicatorProtocol.h */ = {isa = PBXFileReference; fileEncoding = 4; lastKnownFileType = sourcecode.c.h; path = IAWPersistenceDatastoreReplicatorProtocol.h; sourceTree = "<group>"; };
		FF13FA241A90F89200634ED6 /* IAWPersistenceDatastoreIndexManagerProtocol.h */ = {isa = PBXFileReference; fileEncoding = 4; lastKnownFileType = sourcecode.c.h; path = IAWPersistenceDatastoreIndexManagerProtocol.h; sourceTree = "<group>"; };
		FF13FA251A90F92300634ED6 /* IAWCloudantSyncIndexManager.h */ = {isa = PBXFileReference; fileEncoding = 4; lastKnownFileType = sourcecode.c.h; path = IAWCloudantSyncIndexManager.h; sourceTree = "<group>"; };
		FF13FA261A90F92300634ED6 /* IAWCloudantSyncIndexManager.m */ = {isa = PBXFileReference; fileEncoding = 4; lastKnownFileType = sourcecode.c.objc; path = IAWCloudantSyncIndexManager.m; sourceTree = "<group>"; };
		FF13FA281A91047500634ED6 /* IAWPersistenceDatastore+IAWModel.h */ = {isa = PBXFileReference; fileEncoding = 4; lastKnownFileType = sourcecode.c.h; path = "IAWPersistenceDatastore+IAWModel.h"; sourceTree = "<group>"; };
		FF13FA291A91047500634ED6 /* IAWPersistenceDatastore+IAWModel.m */ = {isa = PBXFileReference; fileEncoding = 4; lastKnownFileType = sourcecode.c.objc; path = "IAWPersistenceDatastore+IAWModel.m"; sourceTree = "<group>"; };
		FF27317F1A99097C00429500 /* IAWControllerAddAnswerTVC.h */ = {isa = PBXFileReference; fileEncoding = 4; lastKnownFileType = sourcecode.c.h; path = IAWControllerAddAnswerTVC.h; sourceTree = "<group>"; };
		FF2731801A99097C00429500 /* IAWControllerAddAnswerTVC.m */ = {isa = PBXFileReference; fileEncoding = 4; lastKnownFileType = sourcecode.c.objc; path = IAWControllerAddAnswerTVC.m; sourceTree = "<group>"; };
		FF2F99DC1A8D6331002AABEC /* IAWModelObject.h */ = {isa = PBXFileReference; fileEncoding = 4; lastKnownFileType = sourcecode.c.h; path = IAWModelObject.h; sourceTree = "<group>"; };
		FF2F99DD1A8D6331002AABEC /* IAWModelObject.m */ = {isa = PBXFileReference; fileEncoding = 4; lastKnownFileType = sourcecode.c.objc; path = IAWModelObject.m; sourceTree = "<group>"; };
		FF2F99DF1A8D683C002AABEC /* IAWModel.h */ = {isa = PBXFileReference; lastKnownFileType = sourcecode.c.h; path = IAWModel.h; sourceTree = "<group>"; };
		FF383D281A7D5EA000415B52 /* IAWControllerQuestionsTVC.h */ = {isa = PBXFileReference; fileEncoding = 4; lastKnownFileType = sourcecode.c.h; path = IAWControllerQuestionsTVC.h; sourceTree = "<group>"; };
		FF383D291A7D5EA000415B52 /* IAWControllerQuestionsTVC.m */ = {isa = PBXFileReference; fileEncoding = 4; lastKnownFileType = sourcecode.c.objc; path = IAWControllerQuestionsTVC.m; sourceTree = "<group>"; };
		FF383D2C1A7D6AB200415B52 /* es */ = {isa = PBXFileReference; lastKnownFileType = text.plist.strings; name = es; path = es.lproj/LaunchScreen.strings; sourceTree = "<group>"; };
		FF383D301A7D6B3200415B52 /* Base */ = {isa = PBXFileReference; lastKnownFileType = text.plist.strings; name = Base; path = Base.lproj/Localizable.strings; sourceTree = "<group>"; };
		FF383D321A7D6B3800415B52 /* es */ = {isa = PBXFileReference; lastKnownFileType = text.plist.strings; name = es; path = es.lproj/Localizable.strings; sourceTree = "<group>"; };
		FF47F1FE1AA8CBC800B8921B /* UITableViewCell+ControllerQuestionsCell.h */ = {isa = PBXFileReference; fileEncoding = 4; lastKnownFileType = sourcecode.c.h; path = "UITableViewCell+ControllerQuestionsCell.h"; sourceTree = "<group>"; };
		FF47F1FF1AA8CBC800B8921B /* UITableViewCell+ControllerQuestionsCell.m */ = {isa = PBXFileReference; fileEncoding = 4; lastKnownFileType = sourcecode.c.objc; path = "UITableViewCell+ControllerQuestionsCell.m"; sourceTree = "<group>"; };
		FF4932141A7EC7BC004E0800 /* IAWPersistence.h */ = {isa = PBXFileReference; fileEncoding = 4; lastKnownFileType = sourcecode.c.h; path = IAWPersistence.h; sourceTree = "<group>"; };
		FF5498031AA28CC90037311F /* IAWModelAnswer.h */ = {isa = PBXFileReference; fileEncoding = 4; lastKnownFileType = sourcecode.c.h; path = IAWModelAnswer.h; sourceTree = "<group>"; };
		FF5498041AA28CC90037311F /* IAWModelAnswer.m */ = {isa = PBXFileReference; fileEncoding = 4; lastKnownFileType = sourcecode.c.objc; path = IAWModelAnswer.m; sourceTree = "<group>"; };
		FF5B268F1A8C09B200228C06 /* IAWModelQuestion.h */ = {isa = PBXFileReference; fileEncoding = 4; lastKnownFileType = sourcecode.c.h; path = IAWModelQuestion.h; sourceTree = "<group>"; };
		FF5B26901A8C09B200228C06 /* IAWModelQuestion.m */ = {isa = PBXFileReference; fileEncoding = 4; lastKnownFileType = sourcecode.c.objc; path = IAWModelQuestion.m; sourceTree = "<group>"; };
		FF5B26961A8C0F7B00228C06 /* IAWPersistenceDatastoreReplicatorDummy.h */ = {isa = PBXFileReference; fileEncoding = 4; lastKnownFileType = sourcecode.c.h; path = IAWPersistenceDatastoreReplicatorDummy.h; sourceTree = "<group>"; };
		FF5B26971A8C0F7B00228C06 /* IAWPersistenceDatastoreReplicatorDummy.m */ = {isa = PBXFileReference; fileEncoding = 4; lastKnownFileType = sourcecode.c.objc; path = IAWPersistenceDatastoreReplicatorDummy.m; sourceTree = "<group>"; };
		FF5B26981A8C0F7B00228C06 /* IAWPersistenceDatastoreReplicatorFactoryDummy.h */ = {isa = PBXFileReference; fileEncoding = 4; lastKnownFileType = sourcecode.c.h; path = IAWPersistenceDatastoreReplicatorFactoryDummy.h; sourceTree = "<group>"; };
		FF5B26991A8C0F7B00228C06 /* IAWPersistenceDatastoreReplicatorFactoryDummy.m */ = {isa = PBXFileReference; fileEncoding = 4; lastKnownFileType = sourcecode.c.objc; path = IAWPersistenceDatastoreReplicatorFactoryDummy.m; sourceTree = "<group>"; };
		FF5B269C1A8C142200228C06 /* IAWPersistenceDatastoreDocumentProtocol.h */ = {isa = PBXFileReference; fileEncoding = 4; lastKnownFileType = sourcecode.c.h; path = IAWPersistenceDatastoreDocumentProtocol.h; sourceTree = "<group>"; };
		FF5B269D1A8C14F700228C06 /* CDTDocumentRevision+IAWPersistenceDatastoreDocumentProtocol.h */ = {isa = PBXFileReference; fileEncoding = 4; lastKnownFileType = sourcecode.c.h; path = "CDTDocumentRevision+IAWPersistenceDatastoreDocumentProtocol.h"; sourceTree = "<group>"; };
		FF5B269E1A8C14F700228C06 /* CDTDocumentRevision+IAWPersistenceDatastoreDocumentProtocol.m */ = {isa = PBXFileReference; fileEncoding = 4; lastKnownFileType = sourcecode.c.objc; path = "CDTDocumentRevision+IAWPersistenceDatastoreDocumentProtocol.m"; sourceTree = "<group>"; };
		FF7278381AD09D4D00B90296 /* es */ = {isa = PBXFileReference; lastKnownFileType = text.plist.strings; name = es; path = es.lproj/Main.strings; sourceTree = "<group>"; };
		FF88D57C1A86ADEC0057EEFB /* IAWCloudantSyncDatastoreFactory.h */ = {isa = PBXFileReference; fileEncoding = 4; lastKnownFileType = sourcecode.c.h; path = IAWCloudantSyncDatastoreFactory.h; sourceTree = "<group>"; };
		FF88D57D1A86ADEC0057EEFB /* IAWCloudantSyncDatastoreFactory.m */ = {isa = PBXFileReference; fileEncoding = 4; lastKnownFileType = sourcecode.c.objc; path = IAWCloudantSyncDatastoreFactory.m; sourceTree = "<group>"; };
		FF88D57F1A86B1FF0057EEFB /* IAWCloudantSyncDatabaseURL.h */ = {isa = PBXFileReference; fileEncoding = 4; lastKnownFileType = sourcecode.c.h; path = IAWCloudantSyncDatabaseURL.h; sourceTree = "<group>"; };
		FF88D5801A86B1FF0057EEFB /* IAWCloudantSyncDatabaseURL.m */ = {isa = PBXFileReference; fileEncoding = 4; lastKnownFileType = sourcecode.c.objc; path = IAWCloudantSyncDatabaseURL.m; sourceTree = "<group>"; };
		FF89B7801A856E050007248A /* IAWPersistenceDatastore.h */ = {isa = PBXFileReference; fileEncoding = 4; lastKnownFileType = sourcecode.c.h; path = IAWPersistenceDatastore.h; sourceTree = "<group>"; };
		FF89B7811A856E050007248A /* IAWPersistenceDatastore.m */ = {isa = PBXFileReference; fileEncoding = 4; lastKnownFileType = sourcecode.c.objc; path = IAWPersistenceDatastore.m; sourceTree = "<group>"; };
		FF89B7831A857D310007248A /* cloudantAnswersDatabaseURL.plist */ = {isa = PBXFileReference; fileEncoding = 4; lastKnownFileType = text.plist.xml; name = cloudantAnswersDatabaseURL.plist; path = ../../../cloudantAnswersDatabaseURL.plist; sourceTree = "<group>"; };
		FF8D9D361A9A8BFC00320CE8 /* IAWMockPersistenceDatastoreDocument.h */ = {isa = PBXFileReference; fileEncoding = 4; lastKnownFileType = sourcecode.c.h; path = IAWMockPersistenceDatastoreDocument.h; sourceTree = "<group>"; };
		FF8D9D371A9A8BFC00320CE8 /* IAWMockPersistenceDatastoreDocument.m */ = {isa = PBXFileReference; fileEncoding = 4; lastKnownFileType = sourcecode.c.objc; path = IAWMockPersistenceDatastoreDocument.m; sourceTree = "<group>"; };
		FF9C741D1AD055AB00430759 /* Answers-Bridging-Header.h */ = {isa = PBXFileReference; fileEncoding = 4; lastKnownFileType = sourcecode.c.h; path = "Answers-Bridging-Header.h"; sourceTree = "<group>"; };
		FF9C741E1AD05C3400430759 /* ControllerAnswersTVC.swift */ = {isa = PBXFileReference; fileEncoding = 4; lastKnownFileType = sourcecode.swift; path = ControllerAnswersTVC.swift; sourceTree = "<group>"; };
		FF9D5A291A9D32E6001096BA /* IAWPersistenceDatastoreDummy.h */ = {isa = PBXFileReference; fileEncoding = 4; lastKnownFileType = sourcecode.c.h; path = IAWPersistenceDatastoreDummy.h; sourceTree = "<group>"; };
		FF9D5A2A1A9D32E6001096BA /* IAWPersistenceDatastoreDummy.m */ = {isa = PBXFileReference; fileEncoding = 4; lastKnownFileType = sourcecode.c.objc; path = IAWPersistenceDatastoreDummy.m; sourceTree = "<group>"; };
		FFA475C71ABE305800A37452 /* IAWMockPersistenceDatastoreIndexManager.h */ = {isa = PBXFileReference; fileEncoding = 4; lastKnownFileType = sourcecode.c.h; path = IAWMockPersistenceDatastoreIndexManager.h; sourceTree = "<group>"; };
		FFA475C81ABE305800A37452 /* IAWMockPersistenceDatastoreIndexManager.m */ = {isa = PBXFileReference; fileEncoding = 4; lastKnownFileType = sourcecode.c.objc; path = IAWMockPersistenceDatastoreIndexManager.m; sourceTree = "<group>"; };
		FFA4809C1A8956A700DD3F58 /* IAWCloudantSyncReplicatorPull.h */ = {isa = PBXFileReference; fileEncoding = 4; lastKnownFileType = sourcecode.c.h; path = IAWCloudantSyncReplicatorPull.h; sourceTree = "<group>"; };
		FFA4809D1A8956A700DD3F58 /* IAWCloudantSyncReplicatorPull.m */ = {isa = PBXFileReference; fileEncoding = 4; lastKnownFileType = sourcecode.c.objc; path = IAWCloudantSyncReplicatorPull.m; sourceTree = "<group>"; };
		FFB91BD81A8804E400D563A2 /* IAWPersistenceDatastoreSyncJobTests.m */ = {isa = PBXFileReference; fileEncoding = 4; lastKnownFileType = sourcecode.c.objc; path = IAWPersistenceDatastoreSyncJobTests.m; sourceTree = "<group>"; };
		FFB91BE71A881E7900D563A2 /* IAWCloudantSyncReplicatorPush.h */ = {isa = PBXFileReference; fileEncoding = 4; lastKnownFileType = sourcecode.c.h; path = IAWCloudantSyncReplicatorPush.h; sourceTree = "<group>"; };
		FFB91BE81A881E7900D563A2 /* IAWCloudantSyncReplicatorPush.m */ = {isa = PBXFileReference; fileEncoding = 4; lastKnownFileType = sourcecode.c.objc; path = IAWCloudantSyncReplicatorPush.m; sourceTree = "<group>"; };
		FFC080F01A82AD9500C02FDE /* IAWLog.h */ = {isa = PBXFileReference; lastKnownFileType = sourcecode.c.h; path = IAWLog.h; sourceTree = "<group>"; };
		FFC080F11A82B94000C02FDE /* IAWLogFormatter.h */ = {isa = PBXFileReference; fileEncoding = 4; lastKnownFileType = sourcecode.c.h; path = IAWLogFormatter.h; sourceTree = "<group>"; };
		FFC080F21A82B94000C02FDE /* IAWLogFormatter.m */ = {isa = PBXFileReference; fileEncoding = 4; lastKnownFileType = sourcecode.c.objc; path = IAWLogFormatter.m; sourceTree = "<group>"; };
		FFC65FCA1A8AB606009B83B1 /* IAWPersistenceDatastoreReplicatorFactoryProtocol.h */ = {isa = PBXFileReference; fileEncoding = 4; lastKnownFileType = sourcecode.c.h; path = IAWPersistenceDatastoreReplicatorFactoryProtocol.h; sourceTree = "<group>"; };
		FFC65FCB1A8ABD96009B83B1 /* IAWCloudantSyncReplicatorFactory.h */ = {isa = PBXFileReference; fileEncoding = 4; lastKnownFileType = sourcecode.c.h; path = IAWCloudantSyncReplicatorFactory.h; sourceTree = "<group>"; };
		FFC65FCC1A8ABD96009B83B1 /* IAWCloudantSyncReplicatorFactory.m */ = {isa = PBXFileReference; fileEncoding = 4; lastKnownFileType = sourcecode.c.objc; path = IAWCloudantSyncReplicatorFactory.m; sourceTree = "<group>"; };
		FFC65FD41A8ACBB9009B83B1 /* IAWPersistenceDatastoreLocalStorageProtocol.h */ = {isa = PBXFileReference; fileEncoding = 4; lastKnownFileType = sourcecode.c.h; path = IAWPersistenceDatastoreLocalStorageProtocol.h; sourceTree = "<group>"; };
		FFC65FD51A8ACC18009B83B1 /* CDTDatastore+IAWPersistenceDatastoreLocalStorageProtocol.h */ = {isa = PBXFileReference; fileEncoding = 4; lastKnownFileType = sourcecode.c.h; path = "CDTDatastore+IAWPersistenceDatastoreLocalStorageProtocol.h"; sourceTree = "<group>"; };
		FFC65FD61A8ACC18009B83B1 /* CDTDatastore+IAWPersistenceDatastoreLocalStorageProtocol.m */ = {isa = PBXFileReference; fileEncoding = 4; lastKnownFileType = sourcecode.c.objc; path = "CDTDatastore+IAWPersistenceDatastoreLocalStorageProtocol.m"; sourceTree = "<group>"; };
		FFC70C9D1AA29CEA00DB6BB6 /* IAWModelAnswer+ErrorBuilder.h */ = {isa = PBXFileReference; fileEncoding = 4; lastKnownFileType = sourcecode.c.h; path = "IAWModelAnswer+ErrorBuilder.h"; sourceTree = "<group>"; };
		FFC70C9E1AA29CEA00DB6BB6 /* IAWModelAnswer+ErrorBuilder.m */ = {isa = PBXFileReference; fileEncoding = 4; lastKnownFileType = sourcecode.c.objc; path = "IAWModelAnswer+ErrorBuilder.m"; sourceTree = "<group>"; };
		FFD78B4E1A7995350059CB68 /* Answers.app */ = {isa = PBXFileReference; explicitFileType = wrapper.application; includeInIndex = 0; path = Answers.app; sourceTree = BUILT_PRODUCTS_DIR; };
		FFD78B521A7995350059CB68 /* Info.plist */ = {isa = PBXFileReference; lastKnownFileType = text.plist.xml; path = Info.plist; sourceTree = "<group>"; };
		FFD78B531A7995350059CB68 /* main.m */ = {isa = PBXFileReference; lastKnownFileType = sourcecode.c.objc; path = main.m; sourceTree = "<group>"; };
		FFD78B551A7995350059CB68 /* AppDelegate.h */ = {isa = PBXFileReference; lastKnownFileType = sourcecode.c.h; path = AppDelegate.h; sourceTree = "<group>"; };
		FFD78B561A7995350059CB68 /* AppDelegate.m */ = {isa = PBXFileReference; lastKnownFileType = sourcecode.c.objc; path = AppDelegate.m; sourceTree = "<group>"; };
		FFD78B5C1A7995350059CB68 /* Base */ = {isa = PBXFileReference; lastKnownFileType = file.storyboard; name = Base; path = Base.lproj/Main.storyboard; sourceTree = "<group>"; };
		FFD78B5E1A7995350059CB68 /* Images.xcassets */ = {isa = PBXFileReference; lastKnownFileType = folder.assetcatalog; path = Images.xcassets; sourceTree = "<group>"; };
		FFD78B611A7995350059CB68 /* Base */ = {isa = PBXFileReference; lastKnownFileType = file.xib; name = Base; path = Base.lproj/LaunchScreen.xib; sourceTree = "<group>"; };
		FFD78B671A7995360059CB68 /* AnswersTests.xctest */ = {isa = PBXFileReference; explicitFileType = wrapper.cfbundle; includeInIndex = 0; path = AnswersTests.xctest; sourceTree = BUILT_PRODUCTS_DIR; };
		FFD78B6C1A7995360059CB68 /* Info.plist */ = {isa = PBXFileReference; lastKnownFileType = text.plist.xml; path = Info.plist; sourceTree = "<group>"; };
		FFDBDA7A1AA3C91F002650A1 /* IAWModelAnswerTests.m */ = {isa = PBXFileReference; fileEncoding = 4; lastKnownFileType = sourcecode.c.objc; path = IAWModelAnswerTests.m; sourceTree = "<group>"; };
		FFED55FB1A80268100F96AA1 /* IAWPersistenceDatastoreNotificationCenter.h */ = {isa = PBXFileReference; fileEncoding = 4; lastKnownFileType = sourcecode.c.h; path = IAWPersistenceDatastoreNotificationCenter.h; sourceTree = "<group>"; };
		FFED55FC1A80268100F96AA1 /* IAWPersistenceDatastoreNotificationCenter.m */ = {isa = PBXFileReference; fileEncoding = 4; lastKnownFileType = sourcecode.c.objc; path = IAWPersistenceDatastoreNotificationCenter.m; sourceTree = "<group>"; };
/* End PBXFileReference section */

/* Begin PBXFrameworksBuildPhase section */
		FFD78B4B1A7995350059CB68 /* Frameworks */ = {
			isa = PBXFrameworksBuildPhase;
			buildActionMask = 2147483647;
			files = (
				8457432BC68FBEF502855796 /* libPods.a in Frameworks */,
			);
			runOnlyForDeploymentPostprocessing = 0;
		};
		FFD78B641A7995360059CB68 /* Frameworks */ = {
			isa = PBXFrameworksBuildPhase;
			buildActionMask = 2147483647;
			files = (
			);
			runOnlyForDeploymentPostprocessing = 0;
		};
/* End PBXFrameworksBuildPhase section */

/* Begin PBXGroup section */
		6959A88A5EB1BE34B108F05A /* Pods */ = {
			isa = PBXGroup;
			children = (
				58DA49CFCDDAEEE57D706310 /* Pods.debug.xcconfig */,
				135BF83CD7B7AAA342D1AAC9 /* Pods.release.xcconfig */,
			);
			name = Pods;
			sourceTree = "<group>";
		};
		CDC51C6B87D472064597F160 /* Frameworks */ = {
			isa = PBXGroup;
			children = (
				2ACF5DC8DA0C6239B9ADBED2 /* libPods.a */,
			);
			name = Frameworks;
			sourceTree = "<group>";
		};
		FF0F5F411A9010DB00143020 /* Question */ = {
			isa = PBXGroup;
			children = (
				FF0F5F421A90114000143020 /* IAWModelQuestionTests.m */,
			);
			path = Question;
			sourceTree = "<group>";
		};
		FF0F5F441A90116100143020 /* Mocks */ = {
			isa = PBXGroup;
			children = (
				FF0F5F491A90131600143020 /* IAWMockPersistenceDatastore.h */,
				FF0F5F4A1A90131600143020 /* IAWMockPersistenceDatastore.m */,
				FF8D9D361A9A8BFC00320CE8 /* IAWMockPersistenceDatastoreDocument.h */,
				FF8D9D371A9A8BFC00320CE8 /* IAWMockPersistenceDatastoreDocument.m */,
				FFA475C71ABE305800A37452 /* IAWMockPersistenceDatastoreIndexManager.h */,
				FFA475C81ABE305800A37452 /* IAWMockPersistenceDatastoreIndexManager.m */,
			);
			path = Mocks;
			sourceTree = "<group>";
		};
		FF0F5F451A9011C400143020 /* Mocks */ = {
			isa = PBXGroup;
			children = (
				FF0F5F461A90125600143020 /* IAWMockPersistenceDatastoreReplicator.h */,
				FF0F5F471A90125600143020 /* IAWMockPersistenceDatastoreReplicator.m */,
			);
			path = Mocks;
			sourceTree = "<group>";
		};
		FF27317E1A99094000429500 /* AddAnswer */ = {
			isa = PBXGroup;
			children = (
				FF27317F1A99097C00429500 /* IAWControllerAddAnswerTVC.h */,
				FF2731801A99097C00429500 /* IAWControllerAddAnswerTVC.m */,
			);
			path = AddAnswer;
			sourceTree = "<group>";
		};
		FF383D271A7D5CB200415B52 /* Questions */ = {
			isa = PBXGroup;
			children = (
				FF47F1FD1AA8CB8F00B8921B /* Cells */,
				FF383D281A7D5EA000415B52 /* IAWControllerQuestionsTVC.h */,
				FF383D291A7D5EA000415B52 /* IAWControllerQuestionsTVC.m */,
			);
			path = Questions;
			sourceTree = "<group>";
		};
		FF47F1FD1AA8CB8F00B8921B /* Cells */ = {
			isa = PBXGroup;
			children = (
				FF47F1FE1AA8CBC800B8921B /* UITableViewCell+ControllerQuestionsCell.h */,
				FF47F1FF1AA8CBC800B8921B /* UITableViewCell+ControllerQuestionsCell.m */,
			);
			path = Cells;
			sourceTree = "<group>";
		};
		FF4931FA1A7E97C6004E0800 /* Model */ = {
			isa = PBXGroup;
			children = (
				FF5498021AA28C540037311F /* Answer */,
				FF5B268E1A8C06E900228C06 /* Question */,
				FF2F99DF1A8D683C002AABEC /* IAWModel.h */,
				FF2F99DC1A8D6331002AABEC /* IAWModelObject.h */,
				FF2F99DD1A8D6331002AABEC /* IAWModelObject.m */,
				FF0F5F4E1A9023E300143020 /* IAWModelObject+ErrorBuilder.h */,
				FF0F5F4F1A9023E300143020 /* IAWModelObject+ErrorBuilder.m */,
				FF13FA281A91047500634ED6 /* IAWPersistenceDatastore+IAWModel.h */,
				FF13FA291A91047500634ED6 /* IAWPersistenceDatastore+IAWModel.m */,
			);
			path = Model;
			sourceTree = "<group>";
		};
		FF4931FB1A7E9F27004E0800 /* Model */ = {
			isa = PBXGroup;
			children = (
				FFDBDA791AA3C8F0002650A1 /* Answer */,
				FF0F5F441A90116100143020 /* Mocks */,
				FF0F5F411A9010DB00143020 /* Question */,
				FF0F5F4C1A90206B00143020 /* IAWModelObjectTests.m */,
			);
			path = Model;
			sourceTree = "<group>";
		};
		FF4932011A7EAF5E004E0800 /* Persistence */ = {
			isa = PBXGroup;
			children = (
				FFED55F41A80250600F96AA1 /* Datastore */,
				FF4932141A7EC7BC004E0800 /* IAWPersistence.h */,
			);
			path = Persistence;
			sourceTree = "<group>";
		};
		FF5498021AA28C540037311F /* Answer */ = {
			isa = PBXGroup;
			children = (
				FF5498031AA28CC90037311F /* IAWModelAnswer.h */,
				FF5498041AA28CC90037311F /* IAWModelAnswer.m */,
				FFC70C9D1AA29CEA00DB6BB6 /* IAWModelAnswer+ErrorBuilder.h */,
				FFC70C9E1AA29CEA00DB6BB6 /* IAWModelAnswer+ErrorBuilder.m */,
			);
			path = Answer;
			sourceTree = "<group>";
		};
		FF5B268E1A8C06E900228C06 /* Question */ = {
			isa = PBXGroup;
			children = (
				FF5B268F1A8C09B200228C06 /* IAWModelQuestion.h */,
				FF5B26901A8C09B200228C06 /* IAWModelQuestion.m */,
				FF0F5F3D1A900B4300143020 /* IAWModelQuestion+ErrorBuilder.h */,
				FF0F5F3E1A900B4300143020 /* IAWModelQuestion+ErrorBuilder.m */,
			);
			path = Question;
			sourceTree = "<group>";
		};
		FF5B26951A8C0EF800228C06 /* Dummy */ = {
			isa = PBXGroup;
			children = (
				FF9D5A291A9D32E6001096BA /* IAWPersistenceDatastoreDummy.h */,
				FF9D5A2A1A9D32E6001096BA /* IAWPersistenceDatastoreDummy.m */,
				FF5B26961A8C0F7B00228C06 /* IAWPersistenceDatastoreReplicatorDummy.h */,
				FF5B26971A8C0F7B00228C06 /* IAWPersistenceDatastoreReplicatorDummy.m */,
				FF5B26981A8C0F7B00228C06 /* IAWPersistenceDatastoreReplicatorFactoryDummy.h */,
				FF5B26991A8C0F7B00228C06 /* IAWPersistenceDatastoreReplicatorFactoryDummy.m */,
			);
			path = Dummy;
			sourceTree = "<group>";
		};
		FF88D5751A86AB540057EEFB /* CloudantSync */ = {
			isa = PBXGroup;
			children = (
				FFC65FD51A8ACC18009B83B1 /* CDTDatastore+IAWPersistenceDatastoreLocalStorageProtocol.h */,
				FFC65FD61A8ACC18009B83B1 /* CDTDatastore+IAWPersistenceDatastoreLocalStorageProtocol.m */,
				FF5B269D1A8C14F700228C06 /* CDTDocumentRevision+IAWPersistenceDatastoreDocumentProtocol.h */,
				FF5B269E1A8C14F700228C06 /* CDTDocumentRevision+IAWPersistenceDatastoreDocumentProtocol.m */,
				FF88D57C1A86ADEC0057EEFB /* IAWCloudantSyncDatastoreFactory.h */,
				FF88D57D1A86ADEC0057EEFB /* IAWCloudantSyncDatastoreFactory.m */,
				FF88D57F1A86B1FF0057EEFB /* IAWCloudantSyncDatabaseURL.h */,
				FF88D5801A86B1FF0057EEFB /* IAWCloudantSyncDatabaseURL.m */,
				FF13FA251A90F92300634ED6 /* IAWCloudantSyncIndexManager.h */,
				FF13FA261A90F92300634ED6 /* IAWCloudantSyncIndexManager.m */,
				FFC65FCB1A8ABD96009B83B1 /* IAWCloudantSyncReplicatorFactory.h */,
				FFC65FCC1A8ABD96009B83B1 /* IAWCloudantSyncReplicatorFactory.m */,
				FFA4809C1A8956A700DD3F58 /* IAWCloudantSyncReplicatorPull.h */,
				FFA4809D1A8956A700DD3F58 /* IAWCloudantSyncReplicatorPull.m */,
				FFB91BE71A881E7900D563A2 /* IAWCloudantSyncReplicatorPush.h */,
				FFB91BE81A881E7900D563A2 /* IAWCloudantSyncReplicatorPush.m */,
			);
			path = CloudantSync;
			sourceTree = "<group>";
		};
		FF9C74191AD053B100430759 /* Answers */ = {
			isa = PBXGroup;
			children = (
				FF9C741E1AD05C3400430759 /* ControllerAnswersTVC.swift */,
			);
			path = Answers;
			sourceTree = "<group>";
		};
		FFB270F71A7C23A00066B81F /* Controllers */ = {
			isa = PBXGroup;
			children = (
				FF27317E1A99094000429500 /* AddAnswer */,
				FF9C74191AD053B100430759 /* Answers */,
				FF383D271A7D5CB200415B52 /* Questions */,
				FFD78B5B1A7995350059CB68 /* Main.storyboard */,
			);
			path = Controllers;
			sourceTree = "<group>";
		};
		FFB91BD61A88048A00D563A2 /* Persistence */ = {
			isa = PBXGroup;
			children = (
				FFB91BD71A8804B600D563A2 /* Datastore */,
				FF0F5F451A9011C400143020 /* Mocks */,
			);
			path = Persistence;
			sourceTree = "<group>";
		};
		FFB91BD71A8804B600D563A2 /* Datastore */ = {
			isa = PBXGroup;
			children = (
				FFB91BD81A8804E400D563A2 /* IAWPersistenceDatastoreSyncJobTests.m */,
			);
			path = Datastore;
			sourceTree = "<group>";
		};
		FFC080EF1A82AD3900C02FDE /* Log */ = {
			isa = PBXGroup;
			children = (
				FFC080F01A82AD9500C02FDE /* IAWLog.h */,
				FFC080F11A82B94000C02FDE /* IAWLogFormatter.h */,
				FFC080F21A82B94000C02FDE /* IAWLogFormatter.m */,
			);
			path = Log;
			sourceTree = "<group>";
		};
		FFD78B451A7995350059CB68 = {
			isa = PBXGroup;
			children = (
				FFD78B501A7995350059CB68 /* Answers */,
				FFD78B6A1A7995360059CB68 /* AnswersTests */,
				FFD78B4F1A7995350059CB68 /* Products */,
				6959A88A5EB1BE34B108F05A /* Pods */,
				CDC51C6B87D472064597F160 /* Frameworks */,
			);
			sourceTree = "<group>";
		};
		FFD78B4F1A7995350059CB68 /* Products */ = {
			isa = PBXGroup;
			children = (
				FFD78B4E1A7995350059CB68 /* Answers.app */,
				FFD78B671A7995360059CB68 /* AnswersTests.xctest */,
			);
			name = Products;
			sourceTree = "<group>";
		};
		FFD78B501A7995350059CB68 /* Answers */ = {
			isa = PBXGroup;
			children = (
				FFB270F71A7C23A00066B81F /* Controllers */,
				FF4931FA1A7E97C6004E0800 /* Model */,
				FFC080EF1A82AD3900C02FDE /* Log */,
				FF4932011A7EAF5E004E0800 /* Persistence */,
				FFD78B511A7995350059CB68 /* Supporting Files */,
				FFD78B5E1A7995350059CB68 /* Images.xcassets */,
			);
			path = Answers;
			sourceTree = "<group>";
		};
		FFD78B511A7995350059CB68 /* Supporting Files */ = {
			isa = PBXGroup;
			children = (
				FF9C741D1AD055AB00430759 /* Answers-Bridging-Header.h */,
				FFD78B551A7995350059CB68 /* AppDelegate.h */,
				FFD78B561A7995350059CB68 /* AppDelegate.m */,
				FF89B7831A857D310007248A /* cloudantAnswersDatabaseURL.plist */,
				FFD78B521A7995350059CB68 /* Info.plist */,
				FFD78B601A7995350059CB68 /* LaunchScreen.xib */,
				FF383D311A7D6B3200415B52 /* Localizable.strings */,
				FFD78B531A7995350059CB68 /* main.m */,
			);
			name = "Supporting Files";
			sourceTree = "<group>";
		};
		FFD78B6A1A7995360059CB68 /* AnswersTests */ = {
			isa = PBXGroup;
			children = (
				FF4931FB1A7E9F27004E0800 /* Model */,
				FFB91BD61A88048A00D563A2 /* Persistence */,
				FFD78B6B1A7995360059CB68 /* Supporting Files */,
			);
			path = AnswersTests;
			sourceTree = "<group>";
		};
		FFD78B6B1A7995360059CB68 /* Supporting Files */ = {
			isa = PBXGroup;
			children = (
				FFD78B6C1A7995360059CB68 /* Info.plist */,
			);
			name = "Supporting Files";
			sourceTree = "<group>";
		};
		FFDBDA791AA3C8F0002650A1 /* Answer */ = {
			isa = PBXGroup;
			children = (
				FFDBDA7A1AA3C91F002650A1 /* IAWModelAnswerTests.m */,
			);
			path = Answer;
			sourceTree = "<group>";
		};
		FFED55F41A80250600F96AA1 /* Datastore */ = {
			isa = PBXGroup;
			children = (
				FF88D5751A86AB540057EEFB /* CloudantSync */,
				FF5B26951A8C0EF800228C06 /* Dummy */,
				FF89B7801A856E050007248A /* IAWPersistenceDatastore.h */,
				FF89B7811A856E050007248A /* IAWPersistenceDatastore.m */,
				FF0F5F3A1A90001900143020 /* IAWPersistenceDatastore+CloudantSync.h */,
				FF0F5F3B1A90001900143020 /* IAWPersistenceDatastore+CloudantSync.m */,
				FF5B269C1A8C142200228C06 /* IAWPersistenceDatastoreDocumentProtocol.h */,
				FF13FA241A90F89200634ED6 /* IAWPersistenceDatastoreIndexManagerProtocol.h */,
				FFC65FD41A8ACBB9009B83B1 /* IAWPersistenceDatastoreLocalStorageProtocol.h */,
				FFED55FB1A80268100F96AA1 /* IAWPersistenceDatastoreNotificationCenter.h */,
				FFED55FC1A80268100F96AA1 /* IAWPersistenceDatastoreNotificationCenter.m */,
				FF0F5F401A900FBF00143020 /* IAWPersistenceDatastoreProtocol.h */,
				FFC65FCA1A8AB606009B83B1 /* IAWPersistenceDatastoreReplicatorFactoryProtocol.h */,
				FF1379FC1A87E141003BBDCA /* IAWPersistenceDatastoreReplicatorProtocol.h */,
				FF1379F91A87E047003BBDCA /* IAWPersistenceDatastoreSyncJob.h */,
				FF1379FA1A87E047003BBDCA /* IAWPersistenceDatastoreSyncJob.m */,
				FF1379F61A87DBFB003BBDCA /* IAWPersistenceDatastoreSyncManager.h */,
				FF1379F71A87DBFB003BBDCA /* IAWPersistenceDatastoreSyncManager.m */,
			);
			path = Datastore;
			sourceTree = "<group>";
		};
/* End PBXGroup section */

/* Begin PBXNativeTarget section */
		FFD78B4D1A7995350059CB68 /* Answers */ = {
			isa = PBXNativeTarget;
			buildConfigurationList = FFD78B711A7995360059CB68 /* Build configuration list for PBXNativeTarget "Answers" */;
			buildPhases = (
				06CE9A8719BB457CFF7F1BD6 /* Check Pods Manifest.lock */,
				FFD78B4A1A7995350059CB68 /* Sources */,
				FFD78B4B1A7995350059CB68 /* Frameworks */,
				FFD78B4C1A7995350059CB68 /* Resources */,
				5D086C397A6C43264926474D /* Copy Pods Resources */,
			);
			buildRules = (
			);
			dependencies = (
			);
			name = Answers;
			productName = Answers;
			productReference = FFD78B4E1A7995350059CB68 /* Answers.app */;
			productType = "com.apple.product-type.application";
		};
		FFD78B661A7995360059CB68 /* AnswersTests */ = {
			isa = PBXNativeTarget;
			buildConfigurationList = FFD78B741A7995360059CB68 /* Build configuration list for PBXNativeTarget "AnswersTests" */;
			buildPhases = (
				FFD78B631A7995360059CB68 /* Sources */,
				FFD78B641A7995360059CB68 /* Frameworks */,
				FFD78B651A7995360059CB68 /* Resources */,
			);
			buildRules = (
			);
			dependencies = (
				FFD78B691A7995360059CB68 /* PBXTargetDependency */,
			);
			name = AnswersTests;
			productName = AnswersTests;
			productReference = FFD78B671A7995360059CB68 /* AnswersTests.xctest */;
			productType = "com.apple.product-type.bundle.unit-test";
		};
/* End PBXNativeTarget section */

/* Begin PBXProject section */
		FFD78B461A7995350059CB68 /* Project object */ = {
			isa = PBXProject;
			attributes = {
				LastUpgradeCheck = 0610;
				ORGANIZATIONNAME = "Enrique de la Torre";
				TargetAttributes = {
					FFD78B4D1A7995350059CB68 = {
						CreatedOnToolsVersion = 6.1.1;
					};
					FFD78B661A7995360059CB68 = {
						CreatedOnToolsVersion = 6.1.1;
						TestTargetID = FFD78B4D1A7995350059CB68;
					};
				};
			};
			buildConfigurationList = FFD78B491A7995350059CB68 /* Build configuration list for PBXProject "Answers" */;
			compatibilityVersion = "Xcode 3.2";
			developmentRegion = English;
			hasScannedForEncodings = 0;
			knownRegions = (
				en,
				Base,
				es,
			);
			mainGroup = FFD78B451A7995350059CB68;
			productRefGroup = FFD78B4F1A7995350059CB68 /* Products */;
			projectDirPath = "";
			projectRoot = "";
			targets = (
				FFD78B4D1A7995350059CB68 /* Answers */,
				FFD78B661A7995360059CB68 /* AnswersTests */,
			);
		};
/* End PBXProject section */

/* Begin PBXResourcesBuildPhase section */
		FFD78B4C1A7995350059CB68 /* Resources */ = {
			isa = PBXResourcesBuildPhase;
			buildActionMask = 2147483647;
			files = (
				FF89B7841A857D310007248A /* cloudantAnswersDatabaseURL.plist in Resources */,
				FFD78B5D1A7995350059CB68 /* Main.storyboard in Resources */,
				FF383D2F1A7D6B3200415B52 /* Localizable.strings in Resources */,
				FFD78B621A7995350059CB68 /* LaunchScreen.xib in Resources */,
				FFD78B5F1A7995350059CB68 /* Images.xcassets in Resources */,
			);
			runOnlyForDeploymentPostprocessing = 0;
		};
		FFD78B651A7995360059CB68 /* Resources */ = {
			isa = PBXResourcesBuildPhase;
			buildActionMask = 2147483647;
			files = (
			);
			runOnlyForDeploymentPostprocessing = 0;
		};
/* End PBXResourcesBuildPhase section */

/* Begin PBXShellScriptBuildPhase section */
		06CE9A8719BB457CFF7F1BD6 /* Check Pods Manifest.lock */ = {
			isa = PBXShellScriptBuildPhase;
			buildActionMask = 2147483647;
			files = (
			);
			inputPaths = (
			);
			name = "Check Pods Manifest.lock";
			outputPaths = (
			);
			runOnlyForDeploymentPostprocessing = 0;
			shellPath = /bin/sh;
			shellScript = "diff \"${PODS_ROOT}/../Podfile.lock\" \"${PODS_ROOT}/Manifest.lock\" > /dev/null\nif [[ $? != 0 ]] ; then\n    cat << EOM\nerror: The sandbox is not in sync with the Podfile.lock. Run 'pod install' or update your CocoaPods installation.\nEOM\n    exit 1\nfi\n";
			showEnvVarsInLog = 0;
		};
		5D086C397A6C43264926474D /* Copy Pods Resources */ = {
			isa = PBXShellScriptBuildPhase;
			buildActionMask = 2147483647;
			files = (
			);
			inputPaths = (
			);
			name = "Copy Pods Resources";
			outputPaths = (
			);
			runOnlyForDeploymentPostprocessing = 0;
			shellPath = /bin/sh;
			shellScript = "\"${SRCROOT}/Pods/Target Support Files/Pods/Pods-resources.sh\"\n";
			showEnvVarsInLog = 0;
		};
/* End PBXShellScriptBuildPhase section */

/* Begin PBXSourcesBuildPhase section */
		FFD78B4A1A7995350059CB68 /* Sources */ = {
			isa = PBXSourcesBuildPhase;
			buildActionMask = 2147483647;
			files = (
				FF2F99DE1A8D6331002AABEC /* IAWModelObject.m in Sources */,
				FF1379FB1A87E047003BBDCA /* IAWPersistenceDatastoreSyncJob.m in Sources */,
				FF9C741F1AD05C3400430759 /* ControllerAnswersTVC.swift in Sources */,
				FFB91BE91A881E7900D563A2 /* IAWCloudantSyncReplicatorPush.m in Sources */,
				FFC65FCD1A8ABD96009B83B1 /* IAWCloudantSyncReplicatorFactory.m in Sources */,
				FF88D5811A86B1FF0057EEFB /* IAWCloudantSyncDatabaseURL.m in Sources */,
				FF5B269A1A8C0F7B00228C06 /* IAWPersistenceDatastoreReplicatorDummy.m in Sources */,
				FF9D5A2B1A9D32E6001096BA /* IAWPersistenceDatastoreDummy.m in Sources */,
				FF5B269F1A8C14F700228C06 /* CDTDocumentRevision+IAWPersistenceDatastoreDocumentProtocol.m in Sources */,
				FF0F5F3F1A900B4300143020 /* IAWModelQuestion+ErrorBuilder.m in Sources */,
				FFD78B571A7995350059CB68 /* AppDelegate.m in Sources */,
				FF0F5F3C1A90001900143020 /* IAWPersistenceDatastore+CloudantSync.m in Sources */,
				FFC080F31A82B94000C02FDE /* IAWLogFormatter.m in Sources */,
				FF13FA2A1A91047500634ED6 /* IAWPersistenceDatastore+IAWModel.m in Sources */,
				FFED55FD1A80268100F96AA1 /* IAWPersistenceDatastoreNotificationCenter.m in Sources */,
				FF89B7821A856E050007248A /* IAWPersistenceDatastore.m in Sources */,
				FF5498051AA28CC90037311F /* IAWModelAnswer.m in Sources */,
				FFC65FD71A8ACC18009B83B1 /* CDTDatastore+IAWPersistenceDatastoreLocalStorageProtocol.m in Sources */,
				FF13FA271A90F92300634ED6 /* IAWCloudantSyncIndexManager.m in Sources */,
				FF383D2A1A7D5EA000415B52 /* IAWControllerQuestionsTVC.m in Sources */,
				FF88D57E1A86ADEC0057EEFB /* IAWCloudantSyncDatastoreFactory.m in Sources */,
				FF2731811A99097C00429500 /* IAWControllerAddAnswerTVC.m in Sources */,
				FFD78B541A7995350059CB68 /* main.m in Sources */,
				FF0F5F501A9023E300143020 /* IAWModelObject+ErrorBuilder.m in Sources */,
				FF47F2001AA8CBC800B8921B /* UITableViewCell+ControllerQuestionsCell.m in Sources */,
				FF5B269B1A8C0F7B00228C06 /* IAWPersistenceDatastoreReplicatorFactoryDummy.m in Sources */,
				FFA4809E1A8956A700DD3F58 /* IAWCloudantSyncReplicatorPull.m in Sources */,
				FF5B26911A8C09B200228C06 /* IAWModelQuestion.m in Sources */,
				FFC70C9F1AA29CEA00DB6BB6 /* IAWModelAnswer+ErrorBuilder.m in Sources */,
				FF1379F81A87DBFB003BBDCA /* IAWPersistenceDatastoreSyncManager.m in Sources */,
			);
			runOnlyForDeploymentPostprocessing = 0;
		};
		FFD78B631A7995360059CB68 /* Sources */ = {
			isa = PBXSourcesBuildPhase;
			buildActionMask = 2147483647;
			files = (
				FFDBDA7B1AA3C91F002650A1 /* IAWModelAnswerTests.m in Sources */,
				FF8D9D381A9A8BFC00320CE8 /* IAWMockPersistenceDatastoreDocument.m in Sources */,
				FF0F5F431A90114000143020 /* IAWModelQuestionTests.m in Sources */,
				FFB91BD91A8804E400D563A2 /* IAWPersistenceDatastoreSyncJobTests.m in Sources */,
				FF0F5F4D1A90206B00143020 /* IAWModelObjectTests.m in Sources */,
				FF0F5F481A90125600143020 /* IAWMockPersistenceDatastoreReplicator.m in Sources */,
				FFA475C91ABE305800A37452 /* IAWMockPersistenceDatastoreIndexManager.m in Sources */,
				FF0F5F4B1A90131600143020 /* IAWMockPersistenceDatastore.m in Sources */,
			);
			runOnlyForDeploymentPostprocessing = 0;
		};
/* End PBXSourcesBuildPhase section */

/* Begin PBXTargetDependency section */
		FFD78B691A7995360059CB68 /* PBXTargetDependency */ = {
			isa = PBXTargetDependency;
			target = FFD78B4D1A7995350059CB68 /* Answers */;
			targetProxy = FFD78B681A7995360059CB68 /* PBXContainerItemProxy */;
		};
/* End PBXTargetDependency section */

/* Begin PBXVariantGroup section */
		FF383D311A7D6B3200415B52 /* Localizable.strings */ = {
			isa = PBXVariantGroup;
			children = (
				FF383D301A7D6B3200415B52 /* Base */,
				FF383D321A7D6B3800415B52 /* es */,
			);
			name = Localizable.strings;
			sourceTree = "<group>";
		};
		FFD78B5B1A7995350059CB68 /* Main.storyboard */ = {
			isa = PBXVariantGroup;
			children = (
				FFD78B5C1A7995350059CB68 /* Base */,
				FF7278381AD09D4D00B90296 /* es */,
			);
			name = Main.storyboard;
			path = ..;
			sourceTree = "<group>";
		};
		FFD78B601A7995350059CB68 /* LaunchScreen.xib */ = {
			isa = PBXVariantGroup;
			children = (
				FFD78B611A7995350059CB68 /* Base */,
				FF383D2C1A7D6AB200415B52 /* es */,
			);
			name = LaunchScreen.xib;
			sourceTree = "<group>";
		};
/* End PBXVariantGroup section */

/* Begin XCBuildConfiguration section */
		FFD78B6F1A7995360059CB68 /* Debug */ = {
			isa = XCBuildConfiguration;
			buildSettings = {
				ALWAYS_SEARCH_USER_PATHS = NO;
				CLANG_CXX_LANGUAGE_STANDARD = "gnu++0x";
				CLANG_CXX_LIBRARY = "libc++";
				CLANG_ENABLE_MODULES = YES;
				CLANG_ENABLE_OBJC_ARC = YES;
				CLANG_WARN_BOOL_CONVERSION = YES;
				CLANG_WARN_CONSTANT_CONVERSION = YES;
				CLANG_WARN_DIRECT_OBJC_ISA_USAGE = YES_ERROR;
				CLANG_WARN_EMPTY_BODY = YES;
				CLANG_WARN_ENUM_CONVERSION = YES;
				CLANG_WARN_INT_CONVERSION = YES;
				CLANG_WARN_OBJC_ROOT_CLASS = YES_ERROR;
				CLANG_WARN_UNREACHABLE_CODE = YES;
				CLANG_WARN__DUPLICATE_METHOD_MATCH = YES;
				"CODE_SIGN_IDENTITY[sdk=iphoneos*]" = "iPhone Developer";
				COPY_PHASE_STRIP = NO;
				ENABLE_STRICT_OBJC_MSGSEND = YES;
				GCC_C_LANGUAGE_STANDARD = gnu99;
				GCC_DYNAMIC_NO_PIC = NO;
				GCC_OPTIMIZATION_LEVEL = 0;
				GCC_PREPROCESSOR_DEFINITIONS = (
					"DEBUG=1",
					"$(inherited)",
				);
				GCC_SYMBOLS_PRIVATE_EXTERN = NO;
				GCC_WARN_64_TO_32_BIT_CONVERSION = YES;
				GCC_WARN_ABOUT_RETURN_TYPE = YES_ERROR;
				GCC_WARN_UNDECLARED_SELECTOR = YES;
				GCC_WARN_UNINITIALIZED_AUTOS = YES_AGGRESSIVE;
				GCC_WARN_UNUSED_FUNCTION = YES;
				GCC_WARN_UNUSED_VARIABLE = YES;
				IPHONEOS_DEPLOYMENT_TARGET = 8.1;
				MTL_ENABLE_DEBUG_INFO = YES;
				ONLY_ACTIVE_ARCH = YES;
				SDKROOT = iphoneos;
			};
			name = Debug;
		};
		FFD78B701A7995360059CB68 /* Release */ = {
			isa = XCBuildConfiguration;
			buildSettings = {
				ALWAYS_SEARCH_USER_PATHS = NO;
				CLANG_CXX_LANGUAGE_STANDARD = "gnu++0x";
				CLANG_CXX_LIBRARY = "libc++";
				CLANG_ENABLE_MODULES = YES;
				CLANG_ENABLE_OBJC_ARC = YES;
				CLANG_WARN_BOOL_CONVERSION = YES;
				CLANG_WARN_CONSTANT_CONVERSION = YES;
				CLANG_WARN_DIRECT_OBJC_ISA_USAGE = YES_ERROR;
				CLANG_WARN_EMPTY_BODY = YES;
				CLANG_WARN_ENUM_CONVERSION = YES;
				CLANG_WARN_INT_CONVERSION = YES;
				CLANG_WARN_OBJC_ROOT_CLASS = YES_ERROR;
				CLANG_WARN_UNREACHABLE_CODE = YES;
				CLANG_WARN__DUPLICATE_METHOD_MATCH = YES;
				"CODE_SIGN_IDENTITY[sdk=iphoneos*]" = "iPhone Developer";
				COPY_PHASE_STRIP = YES;
				ENABLE_NS_ASSERTIONS = NO;
				ENABLE_STRICT_OBJC_MSGSEND = YES;
				GCC_C_LANGUAGE_STANDARD = gnu99;
				GCC_WARN_64_TO_32_BIT_CONVERSION = YES;
				GCC_WARN_ABOUT_RETURN_TYPE = YES_ERROR;
				GCC_WARN_UNDECLARED_SELECTOR = YES;
				GCC_WARN_UNINITIALIZED_AUTOS = YES_AGGRESSIVE;
				GCC_WARN_UNUSED_FUNCTION = YES;
				GCC_WARN_UNUSED_VARIABLE = YES;
				IPHONEOS_DEPLOYMENT_TARGET = 8.1;
				MTL_ENABLE_DEBUG_INFO = NO;
				SDKROOT = iphoneos;
				VALIDATE_PRODUCT = YES;
			};
			name = Release;
		};
		FFD78B721A7995360059CB68 /* Debug */ = {
			isa = XCBuildConfiguration;
			baseConfigurationReference = 58DA49CFCDDAEEE57D706310 /* Pods.debug.xcconfig */;
			buildSettings = {
				ASSETCATALOG_COMPILER_APPICON_NAME = AppIcon;
				CLANG_ENABLE_MODULES = YES;
				INFOPLIST_FILE = Answers/Info.plist;
				LD_RUNPATH_SEARCH_PATHS = "$(inherited) @executable_path/Frameworks";
				PRODUCT_NAME = "$(TARGET_NAME)";
				SWIFT_OBJC_BRIDGING_HEADER = "Answers/Answers-Bridging-Header.h";
				SWIFT_OPTIMIZATION_LEVEL = "-Onone";
			};
			name = Debug;
		};
		FFD78B731A7995360059CB68 /* Release */ = {
			isa = XCBuildConfiguration;
			baseConfigurationReference = 135BF83CD7B7AAA342D1AAC9 /* Pods.release.xcconfig */;
			buildSettings = {
				ASSETCATALOG_COMPILER_APPICON_NAME = AppIcon;
				CLANG_ENABLE_MODULES = YES;
				INFOPLIST_FILE = Answers/Info.plist;
				LD_RUNPATH_SEARCH_PATHS = "$(inherited) @executable_path/Frameworks";
				PRODUCT_NAME = "$(TARGET_NAME)";
				SWIFT_OBJC_BRIDGING_HEADER = "Answers/Answers-Bridging-Header.h";
			};
			name = Release;
		};
		FFD78B751A7995360059CB68 /* Debug */ = {
			isa = XCBuildConfiguration;
			buildSettings = {
				BUNDLE_LOADER = "$(TEST_HOST)";
				FRAMEWORK_SEARCH_PATHS = (
					"$(SDKROOT)/Developer/Library/Frameworks",
					"$(inherited)",
				);
				GCC_PREPROCESSOR_DEFINITIONS = (
					"DEBUG=1",
					"$(inherited)",
				);
				INFOPLIST_FILE = AnswersTests/Info.plist;
				LD_RUNPATH_SEARCH_PATHS = "$(inherited) @executable_path/Frameworks @loader_path/Frameworks";
				PRODUCT_NAME = "$(TARGET_NAME)";
				TEST_HOST = "$(BUILT_PRODUCTS_DIR)/Answers.app/Answers";
			};
			name = Debug;
		};
		FFD78B761A7995360059CB68 /* Release */ = {
			isa = XCBuildConfiguration;
			buildSettings = {
				BUNDLE_LOADER = "$(TEST_HOST)";
				FRAMEWORK_SEARCH_PATHS = (
					"$(SDKROOT)/Developer/Library/Frameworks",
					"$(inherited)",
				);
				INFOPLIST_FILE = AnswersTests/Info.plist;
				LD_RUNPATH_SEARCH_PATHS = "$(inherited) @executable_path/Frameworks @loader_path/Frameworks";
				PRODUCT_NAME = "$(TARGET_NAME)";
				TEST_HOST = "$(BUILT_PRODUCTS_DIR)/Answers.app/Answers";
			};
			name = Release;
		};
/* End XCBuildConfiguration section */

/* Begin XCConfigurationList section */
		FFD78B491A7995350059CB68 /* Build configuration list for PBXProject "Answers" */ = {
			isa = XCConfigurationList;
			buildConfigurations = (
				FFD78B6F1A7995360059CB68 /* Debug */,
				FFD78B701A7995360059CB68 /* Release */,
			);
			defaultConfigurationIsVisible = 0;
			defaultConfigurationName = Release;
		};
		FFD78B711A7995360059CB68 /* Build configuration list for PBXNativeTarget "Answers" */ = {
			isa = XCConfigurationList;
			buildConfigurations = (
				FFD78B721A7995360059CB68 /* Debug */,
				FFD78B731A7995360059CB68 /* Release */,
			);
			defaultConfigurationIsVisible = 0;
			defaultConfigurationName = Release;
		};
		FFD78B741A7995360059CB68 /* Build configuration list for PBXNativeTarget "AnswersTests" */ = {
			isa = XCConfigurationList;
			buildConfigurations = (
				FFD78B751A7995360059CB68 /* Debug */,
				FFD78B761A7995360059CB68 /* Release */,
			);
			defaultConfigurationIsVisible = 0;
			defaultConfigurationName = Release;
		};
/* End XCConfigurationList section */
	};
	rootObject = FFD78B461A7995350059CB68 /* Project object */;
}
