// !$*UTF8*$!
{
	archiveVersion = 1;
	classes = {
	};
	objectVersion = 46;
	objects = {

/* Begin PBXBuildFile section */
		8457432BC68FBEF502855796 /* libPods.a in Frameworks */ = {isa = PBXBuildFile; fileRef = 2ACF5DC8DA0C6239B9ADBED2 /* libPods.a */; };
		FF1379F81A87DBFB003BBDCA /* IAWPersistenceDatastoreSyncManager.m in Sources */ = {isa = PBXBuildFile; fileRef = FF1379F71A87DBFB003BBDCA /* IAWPersistenceDatastoreSyncManager.m */; };
		FF383D2A1A7D5EA000415B52 /* IAWControllerQuestionsTVC.m in Sources */ = {isa = PBXBuildFile; fileRef = FF383D291A7D5EA000415B52 /* IAWControllerQuestionsTVC.m */; };
		FF383D2F1A7D6B3200415B52 /* Localizable.strings in Resources */ = {isa = PBXBuildFile; fileRef = FF383D311A7D6B3200415B52 /* Localizable.strings */; };
		FF4931FD1A7E9F9A004E0800 /* IAWModelQuestionTests.m in Sources */ = {isa = PBXBuildFile; fileRef = FF4931FC1A7E9F9A004E0800 /* IAWModelQuestionTests.m */; };
		FF4932001A7E9FF0004E0800 /* IAWModelQuestion.m in Sources */ = {isa = PBXBuildFile; fileRef = FF4931FF1A7E9FF0004E0800 /* IAWModelQuestion.m */; };
		FF88D57A1A86ABE10057EEFB /* CDTDatastore+IAWPersistenceDatastoreProtocol.m in Sources */ = {isa = PBXBuildFile; fileRef = FF88D5771A86ABE10057EEFB /* CDTDatastore+IAWPersistenceDatastoreProtocol.m */; };
		FF88D57B1A86ABE10057EEFB /* CDTDocumentRevision+IAWPersistenceDocumentProtocol.m in Sources */ = {isa = PBXBuildFile; fileRef = FF88D5791A86ABE10057EEFB /* CDTDocumentRevision+IAWPersistenceDocumentProtocol.m */; };
		FF88D57E1A86ADEC0057EEFB /* IAWCloudantSyncDatastoreFactory.m in Sources */ = {isa = PBXBuildFile; fileRef = FF88D57D1A86ADEC0057EEFB /* IAWCloudantSyncDatastoreFactory.m */; };
		FF88D5811A86B1FF0057EEFB /* IAWCloudantSyncDatabaseURL.m in Sources */ = {isa = PBXBuildFile; fileRef = FF88D5801A86B1FF0057EEFB /* IAWCloudantSyncDatabaseURL.m */; };
		FF88D58E1A86D3420057EEFB /* IAWCloudantSyncReplicatorPush.m in Sources */ = {isa = PBXBuildFile; fileRef = FF88D58D1A86D3420057EEFB /* IAWCloudantSyncReplicatorPush.m */; };
		FF89B7821A856E050007248A /* IAWPersistenceDatastore.m in Sources */ = {isa = PBXBuildFile; fileRef = FF89B7811A856E050007248A /* IAWPersistenceDatastore.m */; };
		FF89B7841A857D310007248A /* cloudantAnswersDatabaseURL.plist in Resources */ = {isa = PBXBuildFile; fileRef = FF89B7831A857D310007248A /* cloudantAnswersDatabaseURL.plist */; };
		FFC080F31A82B94000C02FDE /* IAWLogFormatter.m in Sources */ = {isa = PBXBuildFile; fileRef = FFC080F21A82B94000C02FDE /* IAWLogFormatter.m */; };
		FFD78B541A7995350059CB68 /* main.m in Sources */ = {isa = PBXBuildFile; fileRef = FFD78B531A7995350059CB68 /* main.m */; };
		FFD78B571A7995350059CB68 /* AppDelegate.m in Sources */ = {isa = PBXBuildFile; fileRef = FFD78B561A7995350059CB68 /* AppDelegate.m */; };
		FFD78B5D1A7995350059CB68 /* Main.storyboard in Resources */ = {isa = PBXBuildFile; fileRef = FFD78B5B1A7995350059CB68 /* Main.storyboard */; };
		FFD78B5F1A7995350059CB68 /* Images.xcassets in Resources */ = {isa = PBXBuildFile; fileRef = FFD78B5E1A7995350059CB68 /* Images.xcassets */; };
		FFD78B621A7995350059CB68 /* LaunchScreen.xib in Resources */ = {isa = PBXBuildFile; fileRef = FFD78B601A7995350059CB68 /* LaunchScreen.xib */; };
		FFED55F31A8024AB00F96AA1 /* IAWModelQuestion+IAWPersistenceDocumentProtocol.m in Sources */ = {isa = PBXBuildFile; fileRef = FFED55F21A8024AB00F96AA1 /* IAWModelQuestion+IAWPersistenceDocumentProtocol.m */; };
		FFED55FD1A80268100F96AA1 /* IAWPersistenceDatastoreNotificationCenter.m in Sources */ = {isa = PBXBuildFile; fileRef = FFED55FC1A80268100F96AA1 /* IAWPersistenceDatastoreNotificationCenter.m */; };
		FFED56031A80321600F96AA1 /* IAWPersistenceDatastoreDecorator.m in Sources */ = {isa = PBXBuildFile; fileRef = FFED56021A80321600F96AA1 /* IAWPersistenceDatastoreDecorator.m */; };
/* End PBXBuildFile section */

/* Begin PBXContainerItemProxy section */
		FFD78B681A7995360059CB68 /* PBXContainerItemProxy */ = {
			isa = PBXContainerItemProxy;
			containerPortal = FFD78B461A7995350059CB68 /* Project object */;
			proxyType = 1;
			remoteGlobalIDString = FFD78B4D1A7995350059CB68;
			remoteInfo = Answers;
		};
/* End PBXContainerItemProxy section */

/* Begin PBXFileReference section */
		135BF83CD7B7AAA342D1AAC9 /* Pods.release.xcconfig */ = {isa = PBXFileReference; includeInIndex = 1; lastKnownFileType = text.xcconfig; name = Pods.release.xcconfig; path = "Pods/Target Support Files/Pods/Pods.release.xcconfig"; sourceTree = "<group>"; };
		2ACF5DC8DA0C6239B9ADBED2 /* libPods.a */ = {isa = PBXFileReference; explicitFileType = archive.ar; includeInIndex = 0; path = libPods.a; sourceTree = BUILT_PRODUCTS_DIR; };
		58DA49CFCDDAEEE57D706310 /* Pods.debug.xcconfig */ = {isa = PBXFileReference; includeInIndex = 1; lastKnownFileType = text.xcconfig; name = Pods.debug.xcconfig; path = "Pods/Target Support Files/Pods/Pods.debug.xcconfig"; sourceTree = "<group>"; };
		FF1379F51A87DAA3003BBDCA /* IAWPersistenceDatastoreSyncJobProtocol.h */ = {isa = PBXFileReference; fileEncoding = 4; lastKnownFileType = sourcecode.c.h; path = IAWPersistenceDatastoreSyncJobProtocol.h; sourceTree = "<group>"; };
		FF1379F61A87DBFB003BBDCA /* IAWPersistenceDatastoreSyncManager.h */ = {isa = PBXFileReference; fileEncoding = 4; lastKnownFileType = sourcecode.c.h; path = IAWPersistenceDatastoreSyncManager.h; sourceTree = "<group>"; };
		FF1379F71A87DBFB003BBDCA /* IAWPersistenceDatastoreSyncManager.m */ = {isa = PBXFileReference; fileEncoding = 4; lastKnownFileType = sourcecode.c.objc; path = IAWPersistenceDatastoreSyncManager.m; sourceTree = "<group>"; };
		FF383D281A7D5EA000415B52 /* IAWControllerQuestionsTVC.h */ = {isa = PBXFileReference; fileEncoding = 4; lastKnownFileType = sourcecode.c.h; path = IAWControllerQuestionsTVC.h; sourceTree = "<group>"; };
		FF383D291A7D5EA000415B52 /* IAWControllerQuestionsTVC.m */ = {isa = PBXFileReference; fileEncoding = 4; lastKnownFileType = sourcecode.c.objc; path = IAWControllerQuestionsTVC.m; sourceTree = "<group>"; };
		FF383D2C1A7D6AB200415B52 /* es */ = {isa = PBXFileReference; lastKnownFileType = text.plist.strings; name = es; path = es.lproj/LaunchScreen.strings; sourceTree = "<group>"; };
		FF383D301A7D6B3200415B52 /* Base */ = {isa = PBXFileReference; lastKnownFileType = text.plist.strings; name = Base; path = Base.lproj/Localizable.strings; sourceTree = "<group>"; };
		FF383D321A7D6B3800415B52 /* es */ = {isa = PBXFileReference; lastKnownFileType = text.plist.strings; name = es; path = es.lproj/Localizable.strings; sourceTree = "<group>"; };
		FF4931FC1A7E9F9A004E0800 /* IAWModelQuestionTests.m */ = {isa = PBXFileReference; fileEncoding = 4; lastKnownFileType = sourcecode.c.objc; path = IAWModelQuestionTests.m; sourceTree = "<group>"; };
		FF4931FE1A7E9FF0004E0800 /* IAWModelQuestion.h */ = {isa = PBXFileReference; fileEncoding = 4; lastKnownFileType = sourcecode.c.h; path = IAWModelQuestion.h; sourceTree = "<group>"; };
		FF4931FF1A7E9FF0004E0800 /* IAWModelQuestion.m */ = {isa = PBXFileReference; fileEncoding = 4; lastKnownFileType = sourcecode.c.objc; path = IAWModelQuestion.m; sourceTree = "<group>"; };
		FF4932141A7EC7BC004E0800 /* IAWPersistence.h */ = {isa = PBXFileReference; fileEncoding = 4; lastKnownFileType = sourcecode.c.h; path = IAWPersistence.h; sourceTree = "<group>"; };
		FF550D0B1A8168B1004346B9 /* es */ = {isa = PBXFileReference; lastKnownFileType = text.plist.strings; name = es; path = es.lproj/Main.strings; sourceTree = "<group>"; };
		FF88D5761A86ABE10057EEFB /* CDTDatastore+IAWPersistenceDatastoreProtocol.h */ = {isa = PBXFileReference; fileEncoding = 4; lastKnownFileType = sourcecode.c.h; path = "CDTDatastore+IAWPersistenceDatastoreProtocol.h"; sourceTree = "<group>"; };
		FF88D5771A86ABE10057EEFB /* CDTDatastore+IAWPersistenceDatastoreProtocol.m */ = {isa = PBXFileReference; fileEncoding = 4; lastKnownFileType = sourcecode.c.objc; path = "CDTDatastore+IAWPersistenceDatastoreProtocol.m"; sourceTree = "<group>"; };
		FF88D5781A86ABE10057EEFB /* CDTDocumentRevision+IAWPersistenceDocumentProtocol.h */ = {isa = PBXFileReference; fileEncoding = 4; lastKnownFileType = sourcecode.c.h; path = "CDTDocumentRevision+IAWPersistenceDocumentProtocol.h"; sourceTree = "<group>"; };
		FF88D5791A86ABE10057EEFB /* CDTDocumentRevision+IAWPersistenceDocumentProtocol.m */ = {isa = PBXFileReference; fileEncoding = 4; lastKnownFileType = sourcecode.c.objc; path = "CDTDocumentRevision+IAWPersistenceDocumentProtocol.m"; sourceTree = "<group>"; };
		FF88D57C1A86ADEC0057EEFB /* IAWCloudantSyncDatastoreFactory.h */ = {isa = PBXFileReference; fileEncoding = 4; lastKnownFileType = sourcecode.c.h; path = IAWCloudantSyncDatastoreFactory.h; sourceTree = "<group>"; };
		FF88D57D1A86ADEC0057EEFB /* IAWCloudantSyncDatastoreFactory.m */ = {isa = PBXFileReference; fileEncoding = 4; lastKnownFileType = sourcecode.c.objc; path = IAWCloudantSyncDatastoreFactory.m; sourceTree = "<group>"; };
		FF88D57F1A86B1FF0057EEFB /* IAWCloudantSyncDatabaseURL.h */ = {isa = PBXFileReference; fileEncoding = 4; lastKnownFileType = sourcecode.c.h; path = IAWCloudantSyncDatabaseURL.h; sourceTree = "<group>"; };
		FF88D5801A86B1FF0057EEFB /* IAWCloudantSyncDatabaseURL.m */ = {isa = PBXFileReference; fileEncoding = 4; lastKnownFileType = sourcecode.c.objc; path = IAWCloudantSyncDatabaseURL.m; sourceTree = "<group>"; };
		FF88D58C1A86D3420057EEFB /* IAWCloudantSyncReplicatorPush.h */ = {isa = PBXFileReference; fileEncoding = 4; lastKnownFileType = sourcecode.c.h; path = IAWCloudantSyncReplicatorPush.h; sourceTree = "<group>"; };
		FF88D58D1A86D3420057EEFB /* IAWCloudantSyncReplicatorPush.m */ = {isa = PBXFileReference; fileEncoding = 4; lastKnownFileType = sourcecode.c.objc; path = IAWCloudantSyncReplicatorPush.m; sourceTree = "<group>"; };
		FF89B7801A856E050007248A /* IAWPersistenceDatastore.h */ = {isa = PBXFileReference; fileEncoding = 4; lastKnownFileType = sourcecode.c.h; path = IAWPersistenceDatastore.h; sourceTree = "<group>"; };
		FF89B7811A856E050007248A /* IAWPersistenceDatastore.m */ = {isa = PBXFileReference; fileEncoding = 4; lastKnownFileType = sourcecode.c.objc; path = IAWPersistenceDatastore.m; sourceTree = "<group>"; };
		FF89B7831A857D310007248A /* cloudantAnswersDatabaseURL.plist */ = {isa = PBXFileReference; fileEncoding = 4; lastKnownFileType = text.plist.xml; name = cloudantAnswersDatabaseURL.plist; path = ../../../cloudantAnswersDatabaseURL.plist; sourceTree = "<group>"; };
		FFC080F01A82AD9500C02FDE /* IAWLog.h */ = {isa = PBXFileReference; lastKnownFileType = sourcecode.c.h; path = IAWLog.h; sourceTree = "<group>"; };
		FFC080F11A82B94000C02FDE /* IAWLogFormatter.h */ = {isa = PBXFileReference; fileEncoding = 4; lastKnownFileType = sourcecode.c.h; path = IAWLogFormatter.h; sourceTree = "<group>"; };
		FFC080F21A82B94000C02FDE /* IAWLogFormatter.m */ = {isa = PBXFileReference; fileEncoding = 4; lastKnownFileType = sourcecode.c.objc; path = IAWLogFormatter.m; sourceTree = "<group>"; };
		FFD78B4E1A7995350059CB68 /* Answers.app */ = {isa = PBXFileReference; explicitFileType = wrapper.application; includeInIndex = 0; path = Answers.app; sourceTree = BUILT_PRODUCTS_DIR; };
		FFD78B521A7995350059CB68 /* Info.plist */ = {isa = PBXFileReference; lastKnownFileType = text.plist.xml; path = Info.plist; sourceTree = "<group>"; };
		FFD78B531A7995350059CB68 /* main.m */ = {isa = PBXFileReference; lastKnownFileType = sourcecode.c.objc; path = main.m; sourceTree = "<group>"; };
		FFD78B551A7995350059CB68 /* AppDelegate.h */ = {isa = PBXFileReference; lastKnownFileType = sourcecode.c.h; path = AppDelegate.h; sourceTree = "<group>"; };
		FFD78B561A7995350059CB68 /* AppDelegate.m */ = {isa = PBXFileReference; lastKnownFileType = sourcecode.c.objc; path = AppDelegate.m; sourceTree = "<group>"; };
		FFD78B5C1A7995350059CB68 /* Base */ = {isa = PBXFileReference; lastKnownFileType = file.storyboard; name = Base; path = Base.lproj/Main.storyboard; sourceTree = "<group>"; };
		FFD78B5E1A7995350059CB68 /* Images.xcassets */ = {isa = PBXFileReference; lastKnownFileType = folder.assetcatalog; path = Images.xcassets; sourceTree = "<group>"; };
		FFD78B611A7995350059CB68 /* Base */ = {isa = PBXFileReference; lastKnownFileType = file.xib; name = Base; path = Base.lproj/LaunchScreen.xib; sourceTree = "<group>"; };
		FFD78B671A7995360059CB68 /* AnswersTests.xctest */ = {isa = PBXFileReference; explicitFileType = wrapper.cfbundle; includeInIndex = 0; path = AnswersTests.xctest; sourceTree = BUILT_PRODUCTS_DIR; };
		FFD78B6C1A7995360059CB68 /* Info.plist */ = {isa = PBXFileReference; lastKnownFileType = text.plist.xml; path = Info.plist; sourceTree = "<group>"; };
		FFED55F11A8024AB00F96AA1 /* IAWModelQuestion+IAWPersistenceDocumentProtocol.h */ = {isa = PBXFileReference; fileEncoding = 4; lastKnownFileType = sourcecode.c.h; path = "IAWModelQuestion+IAWPersistenceDocumentProtocol.h"; sourceTree = "<group>"; };
		FFED55F21A8024AB00F96AA1 /* IAWModelQuestion+IAWPersistenceDocumentProtocol.m */ = {isa = PBXFileReference; fileEncoding = 4; lastKnownFileType = sourcecode.c.objc; path = "IAWModelQuestion+IAWPersistenceDocumentProtocol.m"; sourceTree = "<group>"; };
		FFED55FB1A80268100F96AA1 /* IAWPersistenceDatastoreNotificationCenter.h */ = {isa = PBXFileReference; fileEncoding = 4; lastKnownFileType = sourcecode.c.h; path = IAWPersistenceDatastoreNotificationCenter.h; sourceTree = "<group>"; };
		FFED55FC1A80268100F96AA1 /* IAWPersistenceDatastoreNotificationCenter.m */ = {isa = PBXFileReference; fileEncoding = 4; lastKnownFileType = sourcecode.c.objc; path = IAWPersistenceDatastoreNotificationCenter.m; sourceTree = "<group>"; };
		FFED56011A80321600F96AA1 /* IAWPersistenceDatastoreDecorator.h */ = {isa = PBXFileReference; fileEncoding = 4; lastKnownFileType = sourcecode.c.h; path = IAWPersistenceDatastoreDecorator.h; sourceTree = "<group>"; };
		FFED56021A80321600F96AA1 /* IAWPersistenceDatastoreDecorator.m */ = {isa = PBXFileReference; fileEncoding = 4; lastKnownFileType = sourcecode.c.objc; path = IAWPersistenceDatastoreDecorator.m; sourceTree = "<group>"; };
		FFED56041A8036E200F96AA1 /* IAWPersistenceDatastoreProtocol.h */ = {isa = PBXFileReference; fileEncoding = 4; lastKnownFileType = sourcecode.c.h; path = IAWPersistenceDatastoreProtocol.h; sourceTree = "<group>"; };
		FFED56051A8036F700F96AA1 /* IAWPersistenceDocumentProtocol.h */ = {isa = PBXFileReference; fileEncoding = 4; lastKnownFileType = sourcecode.c.h; path = IAWPersistenceDocumentProtocol.h; sourceTree = "<group>"; };
/* End PBXFileReference section */

/* Begin PBXFrameworksBuildPhase section */
		FFD78B4B1A7995350059CB68 /* Frameworks */ = {
			isa = PBXFrameworksBuildPhase;
			buildActionMask = 2147483647;
			files = (
				8457432BC68FBEF502855796 /* libPods.a in Frameworks */,
			);
			runOnlyForDeploymentPostprocessing = 0;
		};
		FFD78B641A7995360059CB68 /* Frameworks */ = {
			isa = PBXFrameworksBuildPhase;
			buildActionMask = 2147483647;
			files = (
			);
			runOnlyForDeploymentPostprocessing = 0;
		};
/* End PBXFrameworksBuildPhase section */

/* Begin PBXGroup section */
		6959A88A5EB1BE34B108F05A /* Pods */ = {
			isa = PBXGroup;
			children = (
				58DA49CFCDDAEEE57D706310 /* Pods.debug.xcconfig */,
				135BF83CD7B7AAA342D1AAC9 /* Pods.release.xcconfig */,
			);
			name = Pods;
			sourceTree = "<group>";
		};
		CDC51C6B87D472064597F160 /* Frameworks */ = {
			isa = PBXGroup;
			children = (
				2ACF5DC8DA0C6239B9ADBED2 /* libPods.a */,
			);
			name = Frameworks;
			sourceTree = "<group>";
		};
		FF383D271A7D5CB200415B52 /* Questions */ = {
			isa = PBXGroup;
			children = (
				FF383D281A7D5EA000415B52 /* IAWControllerQuestionsTVC.h */,
				FF383D291A7D5EA000415B52 /* IAWControllerQuestionsTVC.m */,
			);
			path = Questions;
			sourceTree = "<group>";
		};
		FF4931FA1A7E97C6004E0800 /* Model */ = {
			isa = PBXGroup;
			children = (
				FF4931FE1A7E9FF0004E0800 /* IAWModelQuestion.h */,
				FF4931FF1A7E9FF0004E0800 /* IAWModelQuestion.m */,
			);
			path = Model;
			sourceTree = "<group>";
		};
		FF4931FB1A7E9F27004E0800 /* Model */ = {
			isa = PBXGroup;
			children = (
				FF4931FC1A7E9F9A004E0800 /* IAWModelQuestionTests.m */,
			);
			path = Model;
			sourceTree = "<group>";
		};
		FF4932011A7EAF5E004E0800 /* Persistence */ = {
			isa = PBXGroup;
			children = (
				FFED55F41A80250600F96AA1 /* Datastore */,
				FFED55F01A80240900F96AA1 /* Documents */,
				FF4932141A7EC7BC004E0800 /* IAWPersistence.h */,
			);
			path = Persistence;
			sourceTree = "<group>";
		};
		FF88D5751A86AB540057EEFB /* CloudantSync */ = {
			isa = PBXGroup;
			children = (
				FF88D5761A86ABE10057EEFB /* CDTDatastore+IAWPersistenceDatastoreProtocol.h */,
				FF88D5771A86ABE10057EEFB /* CDTDatastore+IAWPersistenceDatastoreProtocol.m */,
				FF88D5781A86ABE10057EEFB /* CDTDocumentRevision+IAWPersistenceDocumentProtocol.h */,
				FF88D5791A86ABE10057EEFB /* CDTDocumentRevision+IAWPersistenceDocumentProtocol.m */,
				FF88D57C1A86ADEC0057EEFB /* IAWCloudantSyncDatastoreFactory.h */,
				FF88D57D1A86ADEC0057EEFB /* IAWCloudantSyncDatastoreFactory.m */,
				FF88D57F1A86B1FF0057EEFB /* IAWCloudantSyncDatabaseURL.h */,
				FF88D5801A86B1FF0057EEFB /* IAWCloudantSyncDatabaseURL.m */,
				FF88D58C1A86D3420057EEFB /* IAWCloudantSyncReplicatorPush.h */,
				FF88D58D1A86D3420057EEFB /* IAWCloudantSyncReplicatorPush.m */,
			);
			path = CloudantSync;
			sourceTree = "<group>";
		};
		FFB270F71A7C23A00066B81F /* Controllers */ = {
			isa = PBXGroup;
			children = (
				FF383D271A7D5CB200415B52 /* Questions */,
				FFD78B5B1A7995350059CB68 /* Main.storyboard */,
			);
			path = Controllers;
			sourceTree = "<group>";
		};
		FFC080EF1A82AD3900C02FDE /* Log */ = {
			isa = PBXGroup;
			children = (
				FFC080F01A82AD9500C02FDE /* IAWLog.h */,
				FFC080F11A82B94000C02FDE /* IAWLogFormatter.h */,
				FFC080F21A82B94000C02FDE /* IAWLogFormatter.m */,
			);
			path = Log;
			sourceTree = "<group>";
		};
		FFD78B451A7995350059CB68 = {
			isa = PBXGroup;
			children = (
				FFD78B501A7995350059CB68 /* Answers */,
				FFD78B6A1A7995360059CB68 /* AnswersTests */,
				FFD78B4F1A7995350059CB68 /* Products */,
				6959A88A5EB1BE34B108F05A /* Pods */,
				CDC51C6B87D472064597F160 /* Frameworks */,
			);
			sourceTree = "<group>";
		};
		FFD78B4F1A7995350059CB68 /* Products */ = {
			isa = PBXGroup;
			children = (
				FFD78B4E1A7995350059CB68 /* Answers.app */,
				FFD78B671A7995360059CB68 /* AnswersTests.xctest */,
			);
			name = Products;
			sourceTree = "<group>";
		};
		FFD78B501A7995350059CB68 /* Answers */ = {
			isa = PBXGroup;
			children = (
				FFB270F71A7C23A00066B81F /* Controllers */,
				FF4931FA1A7E97C6004E0800 /* Model */,
				FFC080EF1A82AD3900C02FDE /* Log */,
				FF4932011A7EAF5E004E0800 /* Persistence */,
				FFD78B511A7995350059CB68 /* Supporting Files */,
				FFD78B5E1A7995350059CB68 /* Images.xcassets */,
			);
			path = Answers;
			sourceTree = "<group>";
		};
		FFD78B511A7995350059CB68 /* Supporting Files */ = {
			isa = PBXGroup;
			children = (
				FFD78B551A7995350059CB68 /* AppDelegate.h */,
				FFD78B561A7995350059CB68 /* AppDelegate.m */,
				FF89B7831A857D310007248A /* cloudantAnswersDatabaseURL.plist */,
				FFD78B521A7995350059CB68 /* Info.plist */,
				FFD78B601A7995350059CB68 /* LaunchScreen.xib */,
				FF383D311A7D6B3200415B52 /* Localizable.strings */,
				FFD78B531A7995350059CB68 /* main.m */,
			);
			name = "Supporting Files";
			sourceTree = "<group>";
		};
		FFD78B6A1A7995360059CB68 /* AnswersTests */ = {
			isa = PBXGroup;
			children = (
				FF4931FB1A7E9F27004E0800 /* Model */,
				FFD78B6B1A7995360059CB68 /* Supporting Files */,
			);
			path = AnswersTests;
			sourceTree = "<group>";
		};
		FFD78B6B1A7995360059CB68 /* Supporting Files */ = {
			isa = PBXGroup;
			children = (
				FFD78B6C1A7995360059CB68 /* Info.plist */,
			);
			name = "Supporting Files";
			sourceTree = "<group>";
		};
		FFED55F01A80240900F96AA1 /* Documents */ = {
			isa = PBXGroup;
			children = (
				FFED55F11A8024AB00F96AA1 /* IAWModelQuestion+IAWPersistenceDocumentProtocol.h */,
				FFED55F21A8024AB00F96AA1 /* IAWModelQuestion+IAWPersistenceDocumentProtocol.m */,
				FFED56051A8036F700F96AA1 /* IAWPersistenceDocumentProtocol.h */,
			);
			path = Documents;
			sourceTree = "<group>";
		};
		FFED55F41A80250600F96AA1 /* Datastore */ = {
			isa = PBXGroup;
			children = (
				FF88D5751A86AB540057EEFB /* CloudantSync */,
				FF89B7801A856E050007248A /* IAWPersistenceDatastore.h */,
				FF89B7811A856E050007248A /* IAWPersistenceDatastore.m */,
				FFED56011A80321600F96AA1 /* IAWPersistenceDatastoreDecorator.h */,
				FFED56021A80321600F96AA1 /* IAWPersistenceDatastoreDecorator.m */,
				FFED55FB1A80268100F96AA1 /* IAWPersistenceDatastoreNotificationCenter.h */,
				FFED55FC1A80268100F96AA1 /* IAWPersistenceDatastoreNotificationCenter.m */,
				FFED56041A8036E200F96AA1 /* IAWPersistenceDatastoreProtocol.h */,
				FF1379F51A87DAA3003BBDCA /* IAWPersistenceDatastoreSyncJobProtocol.h */,
				FF1379F61A87DBFB003BBDCA /* IAWPersistenceDatastoreSyncManager.h */,
				FF1379F71A87DBFB003BBDCA /* IAWPersistenceDatastoreSyncManager.m */,
			);
			path = Datastore;
			sourceTree = "<group>";
		};
/* End PBXGroup section */

/* Begin PBXNativeTarget section */
		FFD78B4D1A7995350059CB68 /* Answers */ = {
			isa = PBXNativeTarget;
			buildConfigurationList = FFD78B711A7995360059CB68 /* Build configuration list for PBXNativeTarget "Answers" */;
			buildPhases = (
				06CE9A8719BB457CFF7F1BD6 /* Check Pods Manifest.lock */,
				FFD78B4A1A7995350059CB68 /* Sources */,
				FFD78B4B1A7995350059CB68 /* Frameworks */,
				FFD78B4C1A7995350059CB68 /* Resources */,
				5D086C397A6C43264926474D /* Copy Pods Resources */,
			);
			buildRules = (
			);
			dependencies = (
			);
			name = Answers;
			productName = Answers;
			productReference = FFD78B4E1A7995350059CB68 /* Answers.app */;
			productType = "com.apple.product-type.application";
		};
		FFD78B661A7995360059CB68 /* AnswersTests */ = {
			isa = PBXNativeTarget;
			buildConfigurationList = FFD78B741A7995360059CB68 /* Build configuration list for PBXNativeTarget "AnswersTests" */;
			buildPhases = (
				FFD78B631A7995360059CB68 /* Sources */,
				FFD78B641A7995360059CB68 /* Frameworks */,
				FFD78B651A7995360059CB68 /* Resources */,
			);
			buildRules = (
			);
			dependencies = (
				FFD78B691A7995360059CB68 /* PBXTargetDependency */,
			);
			name = AnswersTests;
			productName = AnswersTests;
			productReference = FFD78B671A7995360059CB68 /* AnswersTests.xctest */;
			productType = "com.apple.product-type.bundle.unit-test";
		};
/* End PBXNativeTarget section */

/* Begin PBXProject section */
		FFD78B461A7995350059CB68 /* Project object */ = {
			isa = PBXProject;
			attributes = {
				LastUpgradeCheck = 0610;
				ORGANIZATIONNAME = "Enrique de la Torre";
				TargetAttributes = {
					FFD78B4D1A7995350059CB68 = {
						CreatedOnToolsVersion = 6.1.1;
					};
					FFD78B661A7995360059CB68 = {
						CreatedOnToolsVersion = 6.1.1;
						TestTargetID = FFD78B4D1A7995350059CB68;
					};
				};
			};
			buildConfigurationList = FFD78B491A7995350059CB68 /* Build configuration list for PBXProject "Answers" */;
			compatibilityVersion = "Xcode 3.2";
			developmentRegion = English;
			hasScannedForEncodings = 0;
			knownRegions = (
				en,
				Base,
				es,
			);
			mainGroup = FFD78B451A7995350059CB68;
			productRefGroup = FFD78B4F1A7995350059CB68 /* Products */;
			projectDirPath = "";
			projectRoot = "";
			targets = (
				FFD78B4D1A7995350059CB68 /* Answers */,
				FFD78B661A7995360059CB68 /* AnswersTests */,
			);
		};
/* End PBXProject section */

/* Begin PBXResourcesBuildPhase section */
		FFD78B4C1A7995350059CB68 /* Resources */ = {
			isa = PBXResourcesBuildPhase;
			buildActionMask = 2147483647;
			files = (
				FF89B7841A857D310007248A /* cloudantAnswersDatabaseURL.plist in Resources */,
				FFD78B5D1A7995350059CB68 /* Main.storyboard in Resources */,
				FF383D2F1A7D6B3200415B52 /* Localizable.strings in Resources */,
				FFD78B621A7995350059CB68 /* LaunchScreen.xib in Resources */,
				FFD78B5F1A7995350059CB68 /* Images.xcassets in Resources */,
			);
			runOnlyForDeploymentPostprocessing = 0;
		};
		FFD78B651A7995360059CB68 /* Resources */ = {
			isa = PBXResourcesBuildPhase;
			buildActionMask = 2147483647;
			files = (
			);
			runOnlyForDeploymentPostprocessing = 0;
		};
/* End PBXResourcesBuildPhase section */

/* Begin PBXShellScriptBuildPhase section */
		06CE9A8719BB457CFF7F1BD6 /* Check Pods Manifest.lock */ = {
			isa = PBXShellScriptBuildPhase;
			buildActionMask = 2147483647;
			files = (
			);
			inputPaths = (
			);
			name = "Check Pods Manifest.lock";
			outputPaths = (
			);
			runOnlyForDeploymentPostprocessing = 0;
			shellPath = /bin/sh;
			shellScript = "diff \"${PODS_ROOT}/../Podfile.lock\" \"${PODS_ROOT}/Manifest.lock\" > /dev/null\nif [[ $? != 0 ]] ; then\n    cat << EOM\nerror: The sandbox is not in sync with the Podfile.lock. Run 'pod install' or update your CocoaPods installation.\nEOM\n    exit 1\nfi\n";
			showEnvVarsInLog = 0;
		};
		5D086C397A6C43264926474D /* Copy Pods Resources */ = {
			isa = PBXShellScriptBuildPhase;
			buildActionMask = 2147483647;
			files = (
			);
			inputPaths = (
			);
			name = "Copy Pods Resources";
			outputPaths = (
			);
			runOnlyForDeploymentPostprocessing = 0;
			shellPath = /bin/sh;
			shellScript = "\"${SRCROOT}/Pods/Target Support Files/Pods/Pods-resources.sh\"\n";
			showEnvVarsInLog = 0;
		};
/* End PBXShellScriptBuildPhase section */

/* Begin PBXSourcesBuildPhase section */
		FFD78B4A1A7995350059CB68 /* Sources */ = {
			isa = PBXSourcesBuildPhase;
			buildActionMask = 2147483647;
			files = (
				FF88D5811A86B1FF0057EEFB /* IAWCloudantSyncDatabaseURL.m in Sources */,
				FFD78B571A7995350059CB68 /* AppDelegate.m in Sources */,
				FFC080F31A82B94000C02FDE /* IAWLogFormatter.m in Sources */,
				FFED55FD1A80268100F96AA1 /* IAWPersistenceDatastoreNotificationCenter.m in Sources */,
				FF89B7821A856E050007248A /* IAWPersistenceDatastore.m in Sources */,
				FF383D2A1A7D5EA000415B52 /* IAWControllerQuestionsTVC.m in Sources */,
				FF88D57E1A86ADEC0057EEFB /* IAWCloudantSyncDatastoreFactory.m in Sources */,
				FF88D58E1A86D3420057EEFB /* IAWCloudantSyncReplicatorPush.m in Sources */,
				FFD78B541A7995350059CB68 /* main.m in Sources */,
				FF4932001A7E9FF0004E0800 /* IAWModelQuestion.m in Sources */,
				FF88D57A1A86ABE10057EEFB /* CDTDatastore+IAWPersistenceDatastoreProtocol.m in Sources */,
				FFED55F31A8024AB00F96AA1 /* IAWModelQuestion+IAWPersistenceDocumentProtocol.m in Sources */,
				FF1379F81A87DBFB003BBDCA /* IAWPersistenceDatastoreSyncManager.m in Sources */,
				FF88D57B1A86ABE10057EEFB /* CDTDocumentRevision+IAWPersistenceDocumentProtocol.m in Sources */,
				FFED56031A80321600F96AA1 /* IAWPersistenceDatastoreDecorator.m in Sources */,
			);
			runOnlyForDeploymentPostprocessing = 0;
		};
		FFD78B631A7995360059CB68 /* Sources */ = {
			isa = PBXSourcesBuildPhase;
			buildActionMask = 2147483647;
			files = (
				FF4931FD1A7E9F9A004E0800 /* IAWModelQuestionTests.m in Sources */,
			);
			runOnlyForDeploymentPostprocessing = 0;
		};
/* End PBXSourcesBuildPhase section */

/* Begin PBXTargetDependency section */
		FFD78B691A7995360059CB68 /* PBXTargetDependency */ = {
			isa = PBXTargetDependency;
			target = FFD78B4D1A7995350059CB68 /* Answers */;
			targetProxy = FFD78B681A7995360059CB68 /* PBXContainerItemProxy */;
		};
/* End PBXTargetDependency section */

/* Begin PBXVariantGroup section */
		FF383D311A7D6B3200415B52 /* Localizable.strings */ = {
			isa = PBXVariantGroup;
			children = (
				FF383D301A7D6B3200415B52 /* Base */,
				FF383D321A7D6B3800415B52 /* es */,
			);
			name = Localizable.strings;
			sourceTree = "<group>";
		};
		FFD78B5B1A7995350059CB68 /* Main.storyboard */ = {
			isa = PBXVariantGroup;
			children = (
				FFD78B5C1A7995350059CB68 /* Base */,
				FF550D0B1A8168B1004346B9 /* es */,
			);
			name = Main.storyboard;
			path = ..;
			sourceTree = "<group>";
		};
		FFD78B601A7995350059CB68 /* LaunchScreen.xib */ = {
			isa = PBXVariantGroup;
			children = (
				FFD78B611A7995350059CB68 /* Base */,
				FF383D2C1A7D6AB200415B52 /* es */,
			);
			name = LaunchScreen.xib;
			sourceTree = "<group>";
		};
/* End PBXVariantGroup section */

/* Begin XCBuildConfiguration section */
		FFD78B6F1A7995360059CB68 /* Debug */ = {
			isa = XCBuildConfiguration;
			buildSettings = {
				ALWAYS_SEARCH_USER_PATHS = NO;
				CLANG_CXX_LANGUAGE_STANDARD = "gnu++0x";
				CLANG_CXX_LIBRARY = "libc++";
				CLANG_ENABLE_MODULES = YES;
				CLANG_ENABLE_OBJC_ARC = YES;
				CLANG_WARN_BOOL_CONVERSION = YES;
				CLANG_WARN_CONSTANT_CONVERSION = YES;
				CLANG_WARN_DIRECT_OBJC_ISA_USAGE = YES_ERROR;
				CLANG_WARN_EMPTY_BODY = YES;
				CLANG_WARN_ENUM_CONVERSION = YES;
				CLANG_WARN_INT_CONVERSION = YES;
				CLANG_WARN_OBJC_ROOT_CLASS = YES_ERROR;
				CLANG_WARN_UNREACHABLE_CODE = YES;
				CLANG_WARN__DUPLICATE_METHOD_MATCH = YES;
				"CODE_SIGN_IDENTITY[sdk=iphoneos*]" = "iPhone Developer";
				COPY_PHASE_STRIP = NO;
				ENABLE_STRICT_OBJC_MSGSEND = YES;
				GCC_C_LANGUAGE_STANDARD = gnu99;
				GCC_DYNAMIC_NO_PIC = NO;
				GCC_OPTIMIZATION_LEVEL = 0;
				GCC_PREPROCESSOR_DEFINITIONS = (
					"DEBUG=1",
					"$(inherited)",
				);
				GCC_SYMBOLS_PRIVATE_EXTERN = NO;
				GCC_WARN_64_TO_32_BIT_CONVERSION = YES;
				GCC_WARN_ABOUT_RETURN_TYPE = YES_ERROR;
				GCC_WARN_UNDECLARED_SELECTOR = YES;
				GCC_WARN_UNINITIALIZED_AUTOS = YES_AGGRESSIVE;
				GCC_WARN_UNUSED_FUNCTION = YES;
				GCC_WARN_UNUSED_VARIABLE = YES;
				IPHONEOS_DEPLOYMENT_TARGET = 8.1;
				MTL_ENABLE_DEBUG_INFO = YES;
				ONLY_ACTIVE_ARCH = YES;
				SDKROOT = iphoneos;
			};
			name = Debug;
		};
		FFD78B701A7995360059CB68 /* Release */ = {
			isa = XCBuildConfiguration;
			buildSettings = {
				ALWAYS_SEARCH_USER_PATHS = NO;
				CLANG_CXX_LANGUAGE_STANDARD = "gnu++0x";
				CLANG_CXX_LIBRARY = "libc++";
				CLANG_ENABLE_MODULES = YES;
				CLANG_ENABLE_OBJC_ARC = YES;
				CLANG_WARN_BOOL_CONVERSION = YES;
				CLANG_WARN_CONSTANT_CONVERSION = YES;
				CLANG_WARN_DIRECT_OBJC_ISA_USAGE = YES_ERROR;
				CLANG_WARN_EMPTY_BODY = YES;
				CLANG_WARN_ENUM_CONVERSION = YES;
				CLANG_WARN_INT_CONVERSION = YES;
				CLANG_WARN_OBJC_ROOT_CLASS = YES_ERROR;
				CLANG_WARN_UNREACHABLE_CODE = YES;
				CLANG_WARN__DUPLICATE_METHOD_MATCH = YES;
				"CODE_SIGN_IDENTITY[sdk=iphoneos*]" = "iPhone Developer";
				COPY_PHASE_STRIP = YES;
				ENABLE_NS_ASSERTIONS = NO;
				ENABLE_STRICT_OBJC_MSGSEND = YES;
				GCC_C_LANGUAGE_STANDARD = gnu99;
				GCC_WARN_64_TO_32_BIT_CONVERSION = YES;
				GCC_WARN_ABOUT_RETURN_TYPE = YES_ERROR;
				GCC_WARN_UNDECLARED_SELECTOR = YES;
				GCC_WARN_UNINITIALIZED_AUTOS = YES_AGGRESSIVE;
				GCC_WARN_UNUSED_FUNCTION = YES;
				GCC_WARN_UNUSED_VARIABLE = YES;
				IPHONEOS_DEPLOYMENT_TARGET = 8.1;
				MTL_ENABLE_DEBUG_INFO = NO;
				SDKROOT = iphoneos;
				VALIDATE_PRODUCT = YES;
			};
			name = Release;
		};
		FFD78B721A7995360059CB68 /* Debug */ = {
			isa = XCBuildConfiguration;
			baseConfigurationReference = 58DA49CFCDDAEEE57D706310 /* Pods.debug.xcconfig */;
			buildSettings = {
				ASSETCATALOG_COMPILER_APPICON_NAME = AppIcon;
				INFOPLIST_FILE = Answers/Info.plist;
				LD_RUNPATH_SEARCH_PATHS = "$(inherited) @executable_path/Frameworks";
				PRODUCT_NAME = "$(TARGET_NAME)";
			};
			name = Debug;
		};
		FFD78B731A7995360059CB68 /* Release */ = {
			isa = XCBuildConfiguration;
			baseConfigurationReference = 135BF83CD7B7AAA342D1AAC9 /* Pods.release.xcconfig */;
			buildSettings = {
				ASSETCATALOG_COMPILER_APPICON_NAME = AppIcon;
				INFOPLIST_FILE = Answers/Info.plist;
				LD_RUNPATH_SEARCH_PATHS = "$(inherited) @executable_path/Frameworks";
				PRODUCT_NAME = "$(TARGET_NAME)";
			};
			name = Release;
		};
		FFD78B751A7995360059CB68 /* Debug */ = {
			isa = XCBuildConfiguration;
			buildSettings = {
				BUNDLE_LOADER = "$(TEST_HOST)";
				FRAMEWORK_SEARCH_PATHS = (
					"$(SDKROOT)/Developer/Library/Frameworks",
					"$(inherited)",
				);
				GCC_PREPROCESSOR_DEFINITIONS = (
					"DEBUG=1",
					"$(inherited)",
				);
				INFOPLIST_FILE = AnswersTests/Info.plist;
				LD_RUNPATH_SEARCH_PATHS = "$(inherited) @executable_path/Frameworks @loader_path/Frameworks";
				PRODUCT_NAME = "$(TARGET_NAME)";
				TEST_HOST = "$(BUILT_PRODUCTS_DIR)/Answers.app/Answers";
			};
			name = Debug;
		};
		FFD78B761A7995360059CB68 /* Release */ = {
			isa = XCBuildConfiguration;
			buildSettings = {
				BUNDLE_LOADER = "$(TEST_HOST)";
				FRAMEWORK_SEARCH_PATHS = (
					"$(SDKROOT)/Developer/Library/Frameworks",
					"$(inherited)",
				);
				INFOPLIST_FILE = AnswersTests/Info.plist;
				LD_RUNPATH_SEARCH_PATHS = "$(inherited) @executable_path/Frameworks @loader_path/Frameworks";
				PRODUCT_NAME = "$(TARGET_NAME)";
				TEST_HOST = "$(BUILT_PRODUCTS_DIR)/Answers.app/Answers";
			};
			name = Release;
		};
/* End XCBuildConfiguration section */

/* Begin XCConfigurationList section */
		FFD78B491A7995350059CB68 /* Build configuration list for PBXProject "Answers" */ = {
			isa = XCConfigurationList;
			buildConfigurations = (
				FFD78B6F1A7995360059CB68 /* Debug */,
				FFD78B701A7995360059CB68 /* Release */,
			);
			defaultConfigurationIsVisible = 0;
			defaultConfigurationName = Release;
		};
		FFD78B711A7995360059CB68 /* Build configuration list for PBXNativeTarget "Answers" */ = {
			isa = XCConfigurationList;
			buildConfigurations = (
				FFD78B721A7995360059CB68 /* Debug */,
				FFD78B731A7995360059CB68 /* Release */,
			);
			defaultConfigurationIsVisible = 0;
			defaultConfigurationName = Release;
		};
		FFD78B741A7995360059CB68 /* Build configuration list for PBXNativeTarget "AnswersTests" */ = {
			isa = XCConfigurationList;
			buildConfigurations = (
				FFD78B751A7995360059CB68 /* Debug */,
				FFD78B761A7995360059CB68 /* Release */,
			);
			defaultConfigurationIsVisible = 0;
			defaultConfigurationName = Release;
		};
/* End XCConfigurationList section */
	};
	rootObject = FFD78B461A7995350059CB68 /* Project object */;
}
