// !$*UTF8*$!
{
	archiveVersion = 1;
	classes = {
	};
	objectVersion = 46;
	objects = {

/* Begin PBXBuildFile section */
		FF383D2A1A7D5EA000415B52 /* IAWControllerQuestionsTVC.m in Sources */ = {isa = PBXBuildFile; fileRef = FF383D291A7D5EA000415B52 /* IAWControllerQuestionsTVC.m */; };
		FFD78B541A7995350059CB68 /* main.m in Sources */ = {isa = PBXBuildFile; fileRef = FFD78B531A7995350059CB68 /* main.m */; };
		FFD78B571A7995350059CB68 /* AppDelegate.m in Sources */ = {isa = PBXBuildFile; fileRef = FFD78B561A7995350059CB68 /* AppDelegate.m */; };
		FFD78B5D1A7995350059CB68 /* Main.storyboard in Resources */ = {isa = PBXBuildFile; fileRef = FFD78B5B1A7995350059CB68 /* Main.storyboard */; };
		FFD78B5F1A7995350059CB68 /* Images.xcassets in Resources */ = {isa = PBXBuildFile; fileRef = FFD78B5E1A7995350059CB68 /* Images.xcassets */; };
		FFD78B621A7995350059CB68 /* LaunchScreen.xib in Resources */ = {isa = PBXBuildFile; fileRef = FFD78B601A7995350059CB68 /* LaunchScreen.xib */; };
		FFD78B6E1A7995360059CB68 /* AnswersTests.m in Sources */ = {isa = PBXBuildFile; fileRef = FFD78B6D1A7995360059CB68 /* AnswersTests.m */; };
/* End PBXBuildFile section */

/* Begin PBXContainerItemProxy section */
		FFD78B681A7995360059CB68 /* PBXContainerItemProxy */ = {
			isa = PBXContainerItemProxy;
			containerPortal = FFD78B461A7995350059CB68 /* Project object */;
			proxyType = 1;
			remoteGlobalIDString = FFD78B4D1A7995350059CB68;
			remoteInfo = Answers;
		};
/* End PBXContainerItemProxy section */

/* Begin PBXFileReference section */
		FF383D281A7D5EA000415B52 /* IAWControllerQuestionsTVC.h */ = {isa = PBXFileReference; fileEncoding = 4; lastKnownFileType = sourcecode.c.h; path = IAWControllerQuestionsTVC.h; sourceTree = "<group>"; };
		FF383D291A7D5EA000415B52 /* IAWControllerQuestionsTVC.m */ = {isa = PBXFileReference; fileEncoding = 4; lastKnownFileType = sourcecode.c.objc; path = IAWControllerQuestionsTVC.m; sourceTree = "<group>"; };
		FFD78B4E1A7995350059CB68 /* Answers.app */ = {isa = PBXFileReference; explicitFileType = wrapper.application; includeInIndex = 0; path = Answers.app; sourceTree = BUILT_PRODUCTS_DIR; };
		FFD78B521A7995350059CB68 /* Info.plist */ = {isa = PBXFileReference; lastKnownFileType = text.plist.xml; path = Info.plist; sourceTree = "<group>"; };
		FFD78B531A7995350059CB68 /* main.m */ = {isa = PBXFileReference; lastKnownFileType = sourcecode.c.objc; path = main.m; sourceTree = "<group>"; };
		FFD78B551A7995350059CB68 /* AppDelegate.h */ = {isa = PBXFileReference; lastKnownFileType = sourcecode.c.h; path = AppDelegate.h; sourceTree = "<group>"; };
		FFD78B561A7995350059CB68 /* AppDelegate.m */ = {isa = PBXFileReference; lastKnownFileType = sourcecode.c.objc; path = AppDelegate.m; sourceTree = "<group>"; };
		FFD78B5C1A7995350059CB68 /* Base */ = {isa = PBXFileReference; lastKnownFileType = file.storyboard; name = Base; path = Base.lproj/Main.storyboard; sourceTree = "<group>"; };
		FFD78B5E1A7995350059CB68 /* Images.xcassets */ = {isa = PBXFileReference; lastKnownFileType = folder.assetcatalog; path = Images.xcassets; sourceTree = "<group>"; };
		FFD78B611A7995350059CB68 /* Base */ = {isa = PBXFileReference; lastKnownFileType = file.xib; name = Base; path = Base.lproj/LaunchScreen.xib; sourceTree = "<group>"; };
		FFD78B671A7995360059CB68 /* AnswersTests.xctest */ = {isa = PBXFileReference; explicitFileType = wrapper.cfbundle; includeInIndex = 0; path = AnswersTests.xctest; sourceTree = BUILT_PRODUCTS_DIR; };
		FFD78B6C1A7995360059CB68 /* Info.plist */ = {isa = PBXFileReference; lastKnownFileType = text.plist.xml; path = Info.plist; sourceTree = "<group>"; };
		FFD78B6D1A7995360059CB68 /* AnswersTests.m */ = {isa = PBXFileReference; lastKnownFileType = sourcecode.c.objc; path = AnswersTests.m; sourceTree = "<group>"; };
/* End PBXFileReference section */

/* Begin PBXFrameworksBuildPhase section */
		FFD78B4B1A7995350059CB68 /* Frameworks */ = {
			isa = PBXFrameworksBuildPhase;
			buildActionMask = 2147483647;
			files = (
			);
			runOnlyForDeploymentPostprocessing = 0;
		};
		FFD78B641A7995360059CB68 /* Frameworks */ = {
			isa = PBXFrameworksBuildPhase;
			buildActionMask = 2147483647;
			files = (
			);
			runOnlyForDeploymentPostprocessing = 0;
		};
/* End PBXFrameworksBuildPhase section */

/* Begin PBXGroup section */
		FF383D271A7D5CB200415B52 /* Questions */ = {
			isa = PBXGroup;
			children = (
				FF383D281A7D5EA000415B52 /* IAWControllerQuestionsTVC.h */,
				FF383D291A7D5EA000415B52 /* IAWControllerQuestionsTVC.m */,
			);
			path = Questions;
			sourceTree = "<group>";
		};
		FFB270F71A7C23A00066B81F /* Controllers */ = {
			isa = PBXGroup;
			children = (
				FF383D271A7D5CB200415B52 /* Questions */,
				FFD78B5B1A7995350059CB68 /* Main.storyboard */,
			);
			path = Controllers;
			sourceTree = "<group>";
		};
		FFD78B451A7995350059CB68 = {
			isa = PBXGroup;
			children = (
				FFD78B501A7995350059CB68 /* Answers */,
				FFD78B6A1A7995360059CB68 /* AnswersTests */,
				FFD78B4F1A7995350059CB68 /* Products */,
			);
			sourceTree = "<group>";
		};
		FFD78B4F1A7995350059CB68 /* Products */ = {
			isa = PBXGroup;
			children = (
				FFD78B4E1A7995350059CB68 /* Answers.app */,
				FFD78B671A7995360059CB68 /* AnswersTests.xctest */,
			);
			name = Products;
			sourceTree = "<group>";
		};
		FFD78B501A7995350059CB68 /* Answers */ = {
			isa = PBXGroup;
			children = (
				FFB270F71A7C23A00066B81F /* Controllers */,
				FFD78B511A7995350059CB68 /* Supporting Files */,
				FFD78B5E1A7995350059CB68 /* Images.xcassets */,
			);
			path = Answers;
			sourceTree = "<group>";
		};
		FFD78B511A7995350059CB68 /* Supporting Files */ = {
			isa = PBXGroup;
			children = (
				FFD78B551A7995350059CB68 /* AppDelegate.h */,
				FFD78B561A7995350059CB68 /* AppDelegate.m */,
				FFD78B521A7995350059CB68 /* Info.plist */,
				FFD78B601A7995350059CB68 /* LaunchScreen.xib */,
				FFD78B531A7995350059CB68 /* main.m */,
			);
			name = "Supporting Files";
			sourceTree = "<group>";
		};
		FFD78B6A1A7995360059CB68 /* AnswersTests */ = {
			isa = PBXGroup;
			children = (
				FFD78B6D1A7995360059CB68 /* AnswersTests.m */,
				FFD78B6B1A7995360059CB68 /* Supporting Files */,
			);
			path = AnswersTests;
			sourceTree = "<group>";
		};
		FFD78B6B1A7995360059CB68 /* Supporting Files */ = {
			isa = PBXGroup;
			children = (
				FFD78B6C1A7995360059CB68 /* Info.plist */,
			);
			name = "Supporting Files";
			sourceTree = "<group>";
		};
/* End PBXGroup section */

/* Begin PBXNativeTarget section */
		FFD78B4D1A7995350059CB68 /* Answers */ = {
			isa = PBXNativeTarget;
			buildConfigurationList = FFD78B711A7995360059CB68 /* Build configuration list for PBXNativeTarget "Answers" */;
			buildPhases = (
				FFD78B4A1A7995350059CB68 /* Sources */,
				FFD78B4B1A7995350059CB68 /* Frameworks */,
				FFD78B4C1A7995350059CB68 /* Resources */,
			);
			buildRules = (
			);
			dependencies = (
			);
			name = Answers;
			productName = Answers;
			productReference = FFD78B4E1A7995350059CB68 /* Answers.app */;
			productType = "com.apple.product-type.application";
		};
		FFD78B661A7995360059CB68 /* AnswersTests */ = {
			isa = PBXNativeTarget;
			buildConfigurationList = FFD78B741A7995360059CB68 /* Build configuration list for PBXNativeTarget "AnswersTests" */;
			buildPhases = (
				FFD78B631A7995360059CB68 /* Sources */,
				FFD78B641A7995360059CB68 /* Frameworks */,
				FFD78B651A7995360059CB68 /* Resources */,
			);
			buildRules = (
			);
			dependencies = (
				FFD78B691A7995360059CB68 /* PBXTargetDependency */,
			);
			name = AnswersTests;
			productName = AnswersTests;
			productReference = FFD78B671A7995360059CB68 /* AnswersTests.xctest */;
			productType = "com.apple.product-type.bundle.unit-test";
		};
/* End PBXNativeTarget section */

/* Begin PBXProject section */
		FFD78B461A7995350059CB68 /* Project object */ = {
			isa = PBXProject;
			attributes = {
				LastUpgradeCheck = 0610;
				ORGANIZATIONNAME = "Enrique de la Torre";
				TargetAttributes = {
					FFD78B4D1A7995350059CB68 = {
						CreatedOnToolsVersion = 6.1.1;
					};
					FFD78B661A7995360059CB68 = {
						CreatedOnToolsVersion = 6.1.1;
						TestTargetID = FFD78B4D1A7995350059CB68;
					};
				};
			};
			buildConfigurationList = FFD78B491A7995350059CB68 /* Build configuration list for PBXProject "Answers" */;
			compatibilityVersion = "Xcode 3.2";
			developmentRegion = English;
			hasScannedForEncodings = 0;
			knownRegions = (
				en,
				Base,
			);
			mainGroup = FFD78B451A7995350059CB68;
			productRefGroup = FFD78B4F1A7995350059CB68 /* Products */;
			projectDirPath = "";
			projectRoot = "";
			targets = (
				FFD78B4D1A7995350059CB68 /* Answers */,
				FFD78B661A7995360059CB68 /* AnswersTests */,
			);
		};
/* End PBXProject section */

/* Begin PBXResourcesBuildPhase section */
		FFD78B4C1A7995350059CB68 /* Resources */ = {
			isa = PBXResourcesBuildPhase;
			buildActionMask = 2147483647;
			files = (
				FFD78B5D1A7995350059CB68 /* Main.storyboard in Resources */,
				FFD78B621A7995350059CB68 /* LaunchScreen.xib in Resources */,
				FFD78B5F1A7995350059CB68 /* Images.xcassets in Resources */,
			);
			runOnlyForDeploymentPostprocessing = 0;
		};
		FFD78B651A7995360059CB68 /* Resources */ = {
			isa = PBXResourcesBuildPhase;
			buildActionMask = 2147483647;
			files = (
			);
			runOnlyForDeploymentPostprocessing = 0;
		};
/* End PBXResourcesBuildPhase section */

/* Begin PBXSourcesBuildPhase section */
		FFD78B4A1A7995350059CB68 /* Sources */ = {
			isa = PBXSourcesBuildPhase;
			buildActionMask = 2147483647;
			files = (
				FFD78B571A7995350059CB68 /* AppDelegate.m in Sources */,
				FF383D2A1A7D5EA000415B52 /* IAWControllerQuestionsTVC.m in Sources */,
				FFD78B541A7995350059CB68 /* main.m in Sources */,
			);
			runOnlyForDeploymentPostprocessing = 0;
		};
		FFD78B631A7995360059CB68 /* Sources */ = {
			isa = PBXSourcesBuildPhase;
			buildActionMask = 2147483647;
			files = (
				FFD78B6E1A7995360059CB68 /* AnswersTests.m in Sources */,
			);
			runOnlyForDeploymentPostprocessing = 0;
		};
/* End PBXSourcesBuildPhase section */

/* Begin PBXTargetDependency section */
		FFD78B691A7995360059CB68 /* PBXTargetDependency */ = {
			isa = PBXTargetDependency;
			target = FFD78B4D1A7995350059CB68 /* Answers */;
			targetProxy = FFD78B681A7995360059CB68 /* PBXContainerItemProxy */;
		};
/* End PBXTargetDependency section */

/* Begin PBXVariantGroup section */
		FFD78B5B1A7995350059CB68 /* Main.storyboard */ = {
			isa = PBXVariantGroup;
			children = (
				FFD78B5C1A7995350059CB68 /* Base */,
			);
			name = Main.storyboard;
			path = ..;
			sourceTree = "<group>";
		};
		FFD78B601A7995350059CB68 /* LaunchScreen.xib */ = {
			isa = PBXVariantGroup;
			children = (
				FFD78B611A7995350059CB68 /* Base */,
			);
			name = LaunchScreen.xib;
			sourceTree = "<group>";
		};
/* End PBXVariantGroup section */

/* Begin XCBuildConfiguration section */
		FFD78B6F1A7995360059CB68 /* Debug */ = {
			isa = XCBuildConfiguration;
			buildSettings = {
				ALWAYS_SEARCH_USER_PATHS = NO;
				CLANG_CXX_LANGUAGE_STANDARD = "gnu++0x";
				CLANG_CXX_LIBRARY = "libc++";
				CLANG_ENABLE_MODULES = YES;
				CLANG_ENABLE_OBJC_ARC = YES;
				CLANG_WARN_BOOL_CONVERSION = YES;
				CLANG_WARN_CONSTANT_CONVERSION = YES;
				CLANG_WARN_DIRECT_OBJC_ISA_USAGE = YES_ERROR;
				CLANG_WARN_EMPTY_BODY = YES;
				CLANG_WARN_ENUM_CONVERSION = YES;
				CLANG_WARN_INT_CONVERSION = YES;
				CLANG_WARN_OBJC_ROOT_CLASS = YES_ERROR;
				CLANG_WARN_UNREACHABLE_CODE = YES;
				CLANG_WARN__DUPLICATE_METHOD_MATCH = YES;
				"CODE_SIGN_IDENTITY[sdk=iphoneos*]" = "iPhone Developer";
				COPY_PHASE_STRIP = NO;
				ENABLE_STRICT_OBJC_MSGSEND = YES;
				GCC_C_LANGUAGE_STANDARD = gnu99;
				GCC_DYNAMIC_NO_PIC = NO;
				GCC_OPTIMIZATION_LEVEL = 0;
				GCC_PREPROCESSOR_DEFINITIONS = (
					"DEBUG=1",
					"$(inherited)",
				);
				GCC_SYMBOLS_PRIVATE_EXTERN = NO;
				GCC_WARN_64_TO_32_BIT_CONVERSION = YES;
				GCC_WARN_ABOUT_RETURN_TYPE = YES_ERROR;
				GCC_WARN_UNDECLARED_SELECTOR = YES;
				GCC_WARN_UNINITIALIZED_AUTOS = YES_AGGRESSIVE;
				GCC_WARN_UNUSED_FUNCTION = YES;
				GCC_WARN_UNUSED_VARIABLE = YES;
				IPHONEOS_DEPLOYMENT_TARGET = 8.1;
				MTL_ENABLE_DEBUG_INFO = YES;
				ONLY_ACTIVE_ARCH = YES;
				SDKROOT = iphoneos;
			};
			name = Debug;
		};
		FFD78B701A7995360059CB68 /* Release */ = {
			isa = XCBuildConfiguration;
			buildSettings = {
				ALWAYS_SEARCH_USER_PATHS = NO;
				CLANG_CXX_LANGUAGE_STANDARD = "gnu++0x";
				CLANG_CXX_LIBRARY = "libc++";
				CLANG_ENABLE_MODULES = YES;
				CLANG_ENABLE_OBJC_ARC = YES;
				CLANG_WARN_BOOL_CONVERSION = YES;
				CLANG_WARN_CONSTANT_CONVERSION = YES;
				CLANG_WARN_DIRECT_OBJC_ISA_USAGE = YES_ERROR;
				CLANG_WARN_EMPTY_BODY = YES;
				CLANG_WARN_ENUM_CONVERSION = YES;
				CLANG_WARN_INT_CONVERSION = YES;
				CLANG_WARN_OBJC_ROOT_CLASS = YES_ERROR;
				CLANG_WARN_UNREACHABLE_CODE = YES;
				CLANG_WARN__DUPLICATE_METHOD_MATCH = YES;
				"CODE_SIGN_IDENTITY[sdk=iphoneos*]" = "iPhone Developer";
				COPY_PHASE_STRIP = YES;
				ENABLE_NS_ASSERTIONS = NO;
				ENABLE_STRICT_OBJC_MSGSEND = YES;
				GCC_C_LANGUAGE_STANDARD = gnu99;
				GCC_WARN_64_TO_32_BIT_CONVERSION = YES;
				GCC_WARN_ABOUT_RETURN_TYPE = YES_ERROR;
				GCC_WARN_UNDECLARED_SELECTOR = YES;
				GCC_WARN_UNINITIALIZED_AUTOS = YES_AGGRESSIVE;
				GCC_WARN_UNUSED_FUNCTION = YES;
				GCC_WARN_UNUSED_VARIABLE = YES;
				IPHONEOS_DEPLOYMENT_TARGET = 8.1;
				MTL_ENABLE_DEBUG_INFO = NO;
				SDKROOT = iphoneos;
				VALIDATE_PRODUCT = YES;
			};
			name = Release;
		};
		FFD78B721A7995360059CB68 /* Debug */ = {
			isa = XCBuildConfiguration;
			buildSettings = {
				ASSETCATALOG_COMPILER_APPICON_NAME = AppIcon;
				INFOPLIST_FILE = Answers/Info.plist;
				LD_RUNPATH_SEARCH_PATHS = "$(inherited) @executable_path/Frameworks";
				PRODUCT_NAME = "$(TARGET_NAME)";
			};
			name = Debug;
		};
		FFD78B731A7995360059CB68 /* Release */ = {
			isa = XCBuildConfiguration;
			buildSettings = {
				ASSETCATALOG_COMPILER_APPICON_NAME = AppIcon;
				INFOPLIST_FILE = Answers/Info.plist;
				LD_RUNPATH_SEARCH_PATHS = "$(inherited) @executable_path/Frameworks";
				PRODUCT_NAME = "$(TARGET_NAME)";
			};
			name = Release;
		};
		FFD78B751A7995360059CB68 /* Debug */ = {
			isa = XCBuildConfiguration;
			buildSettings = {
				BUNDLE_LOADER = "$(TEST_HOST)";
				FRAMEWORK_SEARCH_PATHS = (
					"$(SDKROOT)/Developer/Library/Frameworks",
					"$(inherited)",
				);
				GCC_PREPROCESSOR_DEFINITIONS = (
					"DEBUG=1",
					"$(inherited)",
				);
				INFOPLIST_FILE = AnswersTests/Info.plist;
				LD_RUNPATH_SEARCH_PATHS = "$(inherited) @executable_path/Frameworks @loader_path/Frameworks";
				PRODUCT_NAME = "$(TARGET_NAME)";
				TEST_HOST = "$(BUILT_PRODUCTS_DIR)/Answers.app/Answers";
			};
			name = Debug;
		};
		FFD78B761A7995360059CB68 /* Release */ = {
			isa = XCBuildConfiguration;
			buildSettings = {
				BUNDLE_LOADER = "$(TEST_HOST)";
				FRAMEWORK_SEARCH_PATHS = (
					"$(SDKROOT)/Developer/Library/Frameworks",
					"$(inherited)",
				);
				INFOPLIST_FILE = AnswersTests/Info.plist;
				LD_RUNPATH_SEARCH_PATHS = "$(inherited) @executable_path/Frameworks @loader_path/Frameworks";
				PRODUCT_NAME = "$(TARGET_NAME)";
				TEST_HOST = "$(BUILT_PRODUCTS_DIR)/Answers.app/Answers";
			};
			name = Release;
		};
/* End XCBuildConfiguration section */

/* Begin XCConfigurationList section */
		FFD78B491A7995350059CB68 /* Build configuration list for PBXProject "Answers" */ = {
			isa = XCConfigurationList;
			buildConfigurations = (
				FFD78B6F1A7995360059CB68 /* Debug */,
				FFD78B701A7995360059CB68 /* Release */,
			);
			defaultConfigurationIsVisible = 0;
			defaultConfigurationName = Release;
		};
		FFD78B711A7995360059CB68 /* Build configuration list for PBXNativeTarget "Answers" */ = {
			isa = XCConfigurationList;
			buildConfigurations = (
				FFD78B721A7995360059CB68 /* Debug */,
				FFD78B731A7995360059CB68 /* Release */,
			);
			defaultConfigurationIsVisible = 0;
			defaultConfigurationName = Release;
		};
		FFD78B741A7995360059CB68 /* Build configuration list for PBXNativeTarget "AnswersTests" */ = {
			isa = XCConfigurationList;
			buildConfigurations = (
				FFD78B751A7995360059CB68 /* Debug */,
				FFD78B761A7995360059CB68 /* Release */,
			);
			defaultConfigurationIsVisible = 0;
			defaultConfigurationName = Release;
		};
/* End XCConfigurationList section */
	};
	rootObject = FFD78B461A7995350059CB68 /* Project object */;
}
